// !$*UTF8*$!
{
	archiveVersion = 1;
	classes = {
	};
	objectVersion = 46;
	objects = {

/* Begin PBXBuildFile section */
		B90B0D391DA7F907000CA590 /* JMURLButton.m in Sources */ = {isa = PBXBuildFile; fileRef = B90B0D381DA7F907000CA590 /* JMURLButton.m */; };
		B91360EF194EF6FD002EDC02 /* LibXL.framework in Frameworks */ = {isa = PBXBuildFile; fileRef = B91360EE194EF6FD002EDC02 /* LibXL.framework */; };
		B91360F0194EF706002EDC02 /* LibXL.framework in CopyFiles */ = {isa = PBXBuildFile; fileRef = B91360EE194EF6FD002EDC02 /* LibXL.framework */; settings = {ATTRIBUTES = (CodeSignOnCopy, ); }; };
		B917BC0C1F24B47B00DC22F7 /* IOKit.framework in Frameworks */ = {isa = PBXBuildFile; fileRef = B927CFFE1CC583E0005797CD /* IOKit.framework */; };
		B91891AB1A76D49400C0A4A9 /* MovableBorderlessWindow.m in Sources */ = {isa = PBXBuildFile; fileRef = B91891AA1A76D49400C0A4A9 /* MovableBorderlessWindow.m */; };
		B9192FAA193E1DA8006C72DD /* ExportOptionView.xib in Resources */ = {isa = PBXBuildFile; fileRef = B9192FA8193E1DA8006C72DD /* ExportOptionView.xib */; };
		B9192FAD193E3BFC006C72DD /* ImportOptionView.xib in Resources */ = {isa = PBXBuildFile; fileRef = B9192FAB193E3BFC006C72DD /* ImportOptionView.xib */; };
		B933AB9018BBE1A4006E42B9 /* AppKit+CoreCode.m in Sources */ = {isa = PBXBuildFile; fileRef = B933AB8618BBE1A4006E42B9 /* AppKit+CoreCode.m */; };
		B933AB9218BBE1A4006E42B9 /* CoreLib.m in Sources */ = {isa = PBXBuildFile; fileRef = B933AB8A18BBE1A4006E42B9 /* CoreLib.m */; };
		B933AB9318BBE1A4006E42B9 /* Foundation+CoreCode.m in Sources */ = {isa = PBXBuildFile; fileRef = B933AB8C18BBE1A4006E42B9 /* Foundation+CoreCode.m */; };
		B936618A193F8C9E00E8D4CC /* snappy.framework in Frameworks */ = {isa = PBXBuildFile; fileRef = B9366189193F8C9E00E8D4CC /* snappy.framework */; };
		B936618C193F901800E8D4CC /* snappy.framework in CopyFiles */ = {isa = PBXBuildFile; fileRef = B9366189193F8C9E00E8D4CC /* snappy.framework */; settings = {ATTRIBUTES = (CodeSignOnCopy, ); }; };
		B93661961940888D00E8D4CC /* AppDelegate.m in Sources */ = {isa = PBXBuildFile; fileRef = B93661951940888D00E8D4CC /* AppDelegate.m */; };
		B94061291A7E73F100308CBC /* QuartzCore.framework in Frameworks */ = {isa = PBXBuildFile; fileRef = B94061281A7E73F100308CBC /* QuartzCore.framework */; };
		B952522E195AEE9000AEBF47 /* PromotionWindow.xib in Resources */ = {isa = PBXBuildFile; fileRef = B952522D195AEE9000AEBF47 /* PromotionWindow.xib */; };
		B9525230195AF2B200AEBF47 /* WebKit.framework in Frameworks */ = {isa = PBXBuildFile; fileRef = B952522F195AF2B200AEBF47 /* WebKit.framework */; };
		B968A45B18B7A4B900309F2F /* AddressHelper.m in Sources */ = {isa = PBXBuildFile; fileRef = B968A45A18B7A4B900309F2F /* AddressHelper.m */; };
		B968B1761B9DD0CF0027881B /* faq.html in Resources */ = {isa = PBXBuildFile; fileRef = B968B1751B9DD0CF0027881B /* faq.html */; };
		B968B17A1B9DD1C10027881B /* history.html in Resources */ = {isa = PBXBuildFile; fileRef = B968B1771B9DD1C10027881B /* history.html */; };
		B968B17B1B9DD1C10027881B /* privacy.html in Resources */ = {isa = PBXBuildFile; fileRef = B968B1781B9DD1C10027881B /* privacy.html */; };
		B968B17C1B9DD1C10027881B /* readme.html in Resources */ = {isa = PBXBuildFile; fileRef = B968B1791B9DD1C10027881B /* readme.html */; };
		B968B1811B9DDE0B0027881B /* DocumentData.m in Sources */ = {isa = PBXBuildFile; fileRef = B968B1801B9DDE0B0027881B /* DocumentData.m */; };
		B968B1841B9DF4400027881B /* Cell.m in Sources */ = {isa = PBXBuildFile; fileRef = B968B1831B9DF4400027881B /* Cell.m */; };
		B96946C41A72710B004C6748 /* DraggableImage.m in Sources */ = {isa = PBXBuildFile; fileRef = B96946C31A72710B004C6748 /* DraggableImage.m */; };
		B973D91020767C4000FE566F /* TableEditLite.xcconfig in Resources */ = {isa = PBXBuildFile; fileRef = B973D90F20767C4000FE566F /* TableEditLite.xcconfig */; };
		B97A5E981CC1540700201C2C /* JMBlockFormatter.m in Sources */ = {isa = PBXBuildFile; fileRef = B97A5E971CC1540700201C2C /* JMBlockFormatter.m */; };
		B9815CB920753FF7001A6E3F /* FormulaResult.m in Sources */ = {isa = PBXBuildFile; fileRef = B9815CB720753FF7001A6E3F /* FormulaResult.m */; };
		B981B2011948B3A30052D15A /* DocumentationWindow.xib in Resources */ = {isa = PBXBuildFile; fileRef = B981B2001948B3A30052D15A /* DocumentationWindow.xib */; };
		B981B2061948D7790052D15A /* JMValueTransformer.m in Sources */ = {isa = PBXBuildFile; fileRef = B981B2051948D7790052D15A /* JMValueTransformer.m */; };
		B9823FAB1DE619CA0004ABCD /* CrashHelper.app in Resources */ = {isa = PBXBuildFile; fileRef = B9823FAA1DE619CA0004ABCD /* CrashHelper.app */; };
		B9857E1F1EC4F27800978B94 /* credits.html in Resources */ = {isa = PBXBuildFile; fileRef = B9857E1E1EC4F27800978B94 /* credits.html */; };
		B9896CE61EA7C20A004075C9 /* icon-appstore.png in Resources */ = {isa = PBXBuildFile; fileRef = B9896CDF1EA7C20A004075C9 /* icon-appstore.png */; };
		B9896CE81EA7C20A004075C9 /* icon-macupdate.png in Resources */ = {isa = PBXBuildFile; fileRef = B9896CE01EA7C20A004075C9 /* icon-macupdate.png */; };
		B9896CEA1EA7C20A004075C9 /* JMEditableBorderlessWindow.m in Sources */ = {isa = PBXBuildFile; fileRef = B9896CE21EA7C20A004075C9 /* JMEditableBorderlessWindow.m */; };
		B9896CEC1EA7C20A004075C9 /* JMRatingWindow.xib in Resources */ = {isa = PBXBuildFile; fileRef = B9896CE31EA7C20A004075C9 /* JMRatingWindow.xib */; };
		B9896CEE1EA7C20A004075C9 /* JMRatingWindowController.m in Sources */ = {isa = PBXBuildFile; fileRef = B9896CE51EA7C20A004075C9 /* JMRatingWindowController.m */; };
		B9A76D2019589924002733B9 /* Sparkle.framework in Frameworks */ = {isa = PBXBuildFile; fileRef = B9A76D1F19589924002733B9 /* Sparkle.framework */; };
		B9A76D211958995F002733B9 /* Sparkle.framework in CopyFiles */ = {isa = PBXBuildFile; fileRef = B9A76D1F19589924002733B9 /* Sparkle.framework */; settings = {ATTRIBUTES = (CodeSignOnCopy, ); }; };
		B9A779D61B8474400029C5DF /* JMHostInformation.m in Sources */ = {isa = PBXBuildFile; fileRef = B9A779D51B8474400029C5DF /* JMHostInformation.m */; };
		B9AA2EA41F25489400E38F4A /* dsa_pub.pem in Resources */ = {isa = PBXBuildFile; fileRef = B9AA2EA31F25489400E38F4A /* dsa_pub.pem */; };
		B9AA2EBE1F25FC7300E38F4A /* org.sparkle-project.Downloader.xpc in CopyFiles */ = {isa = PBXBuildFile; fileRef = B9AA2EBA1F25FC7300E38F4A /* org.sparkle-project.Downloader.xpc */; settings = {ATTRIBUTES = (RemoveHeadersOnCopy, ); }; };
		B9AA2EBF1F25FC7300E38F4A /* org.sparkle-project.InstallerConnection.xpc in CopyFiles */ = {isa = PBXBuildFile; fileRef = B9AA2EBB1F25FC7300E38F4A /* org.sparkle-project.InstallerConnection.xpc */; settings = {ATTRIBUTES = (RemoveHeadersOnCopy, ); }; };
		B9AA2EC01F25FC7300E38F4A /* org.sparkle-project.InstallerLauncher.xpc in CopyFiles */ = {isa = PBXBuildFile; fileRef = B9AA2EBC1F25FC7300E38F4A /* org.sparkle-project.InstallerLauncher.xpc */; settings = {ATTRIBUTES = (RemoveHeadersOnCopy, ); }; };
		B9AA2EC11F25FC7300E38F4A /* org.sparkle-project.InstallerStatus.xpc in CopyFiles */ = {isa = PBXBuildFile; fileRef = B9AA2EBD1F25FC7300E38F4A /* org.sparkle-project.InstallerStatus.xpc */; settings = {ATTRIBUTES = (RemoveHeadersOnCopy, ); }; };
		B9B19244177DED9F00FFE14D /* Cocoa.framework in Frameworks */ = {isa = PBXBuildFile; fileRef = B9B19243177DED9F00FFE14D /* Cocoa.framework */; };
		B9B19257177DED9F00FFE14D /* Document.m in Sources */ = {isa = PBXBuildFile; fileRef = B9B19256177DED9F00FFE14D /* Document.m */; };
		B9B1925A177DED9F00FFE14D /* Document.xib in Resources */ = {isa = PBXBuildFile; fileRef = B9B19258177DED9F00FFE14D /* Document.xib */; };
		B9B1925D177DED9F00FFE14D /* MainMenu.xib in Resources */ = {isa = PBXBuildFile; fileRef = B9B1925B177DED9F00FFE14D /* MainMenu.xib */; };
		B9B3BC3D1DA93F74005BA18B /* PrintOptionView.xib in Resources */ = {isa = PBXBuildFile; fileRef = B9B3BC3C1DA93F74005BA18B /* PrintOptionView.xib */; };
		B9B3BC411DA940A5005BA18B /* PrintViewController.m in Sources */ = {isa = PBXBuildFile; fileRef = B9B3BC401DA940A5005BA18B /* PrintViewController.m */; };
		B9BBC2AB18B62772007FBC4C /* Images.xcassets in Resources */ = {isa = PBXBuildFile; fileRef = B9BBC2AA18B62772007FBC4C /* Images.xcassets */; };
		B9C622981A6EA3EF00CFC14F /* GridTableHeaderView.m in Sources */ = {isa = PBXBuildFile; fileRef = B9C622971A6EA3EF00CFC14F /* GridTableHeaderView.m */; };
		B9C8D1E5177E3F9D007B980C /* GridTableView.m in Sources */ = {isa = PBXBuildFile; fileRef = B9C8D1E4177E3ED5007B980C /* GridTableView.m */; };
		B9D16AC81DFC74A200AFA58B /* InsertNumbersView.xib in Resources */ = {isa = PBXBuildFile; fileRef = B9D16AC71DFC74A200AFA58B /* InsertNumbersView.xib */; };
		B9ECC5C11959D9EC00682C68 /* WelcomeWindow.xib in Resources */ = {isa = PBXBuildFile; fileRef = B9ECC5C01959D9EC00682C68 /* WelcomeWindow.xib */; };
		B9F85F211BCBAE94004B7AF9 /* JMAppMovedHandler.m in Sources */ = {isa = PBXBuildFile; fileRef = B9F85F201BCBAE94004B7AF9 /* JMAppMovedHandler.m */; };
		B9F8ECFC18B3D84A006CA81E /* DraggableButton.m in Sources */ = {isa = PBXBuildFile; fileRef = B9F8ECFB18B3D84A006CA81E /* DraggableButton.m */; };
		B9F9D8FF1BC679EA00545878 /* JMWebView.m in Sources */ = {isa = PBXBuildFile; fileRef = B9F9D8FE1BC679EA00545878 /* JMWebView.m */; };
		B9F9D9051BC68EF800545878 /* JMApplicationDelegate.m in Sources */ = {isa = PBXBuildFile; fileRef = B9F9D9041BC68EF800545878 /* JMApplicationDelegate.m */; };
/* End PBXBuildFile section */

/* Begin PBXCopyFilesBuildPhase section */
		B936618B193F901300E8D4CC /* CopyFiles */ = {
			isa = PBXCopyFilesBuildPhase;
			buildActionMask = 2147483647;
			dstPath = "";
			dstSubfolderSpec = 10;
			files = (
				B936618C193F901800E8D4CC /* snappy.framework in CopyFiles */,
				B91360F0194EF706002EDC02 /* LibXL.framework in CopyFiles */,
				B9A76D211958995F002733B9 /* Sparkle.framework in CopyFiles */,
			);
			runOnlyForDeploymentPostprocessing = 0;
		};
		B9AA2EA91F25F06400E38F4A /* CopyFiles */ = {
			isa = PBXCopyFilesBuildPhase;
			buildActionMask = 2147483647;
			dstPath = "$(CONTENTS_FOLDER_PATH)/XPCServices";
			dstSubfolderSpec = 16;
			files = (
				B9AA2EBE1F25FC7300E38F4A /* org.sparkle-project.Downloader.xpc in CopyFiles */,
				B9AA2EBF1F25FC7300E38F4A /* org.sparkle-project.InstallerConnection.xpc in CopyFiles */,
				B9AA2EC01F25FC7300E38F4A /* org.sparkle-project.InstallerLauncher.xpc in CopyFiles */,
				B9AA2EC11F25FC7300E38F4A /* org.sparkle-project.InstallerStatus.xpc in CopyFiles */,
			);
			runOnlyForDeploymentPostprocessing = 0;
		};
		B9AA33CB1BE10680009173E8 /* CopyFiles */ = {
			isa = PBXCopyFilesBuildPhase;
			buildActionMask = 2147483647;
			dstPath = "";
			dstSubfolderSpec = 6;
			files = (
			);
			runOnlyForDeploymentPostprocessing = 0;
		};
		B9AA33CF1BE10AED009173E8 /* CopyFiles */ = {
			isa = PBXCopyFilesBuildPhase;
			buildActionMask = 2147483647;
			dstPath = Contents/Mono;
			dstSubfolderSpec = 1;
			files = (
			);
			runOnlyForDeploymentPostprocessing = 0;
		};
/* End PBXCopyFilesBuildPhase section */

/* Begin PBXFileReference section */
		B90B0D371DA7F907000CA590 /* JMURLButton.h */ = {isa = PBXFileReference; fileEncoding = 4; lastKnownFileType = sourcecode.c.h; name = JMURLButton.h; path = ../Mac/JMURLButton.h; sourceTree = "<group>"; };
		B90B0D381DA7F907000CA590 /* JMURLButton.m */ = {isa = PBXFileReference; fileEncoding = 4; lastKnownFileType = sourcecode.c.objc; name = JMURLButton.m; path = ../Mac/JMURLButton.m; sourceTree = "<group>"; };
		B91360EE194EF6FD002EDC02 /* LibXL.framework */ = {isa = PBXFileReference; lastKnownFileType = wrapper.framework; name = LibXL.framework; path = Frameworks/LibXL.framework; sourceTree = "<group>"; };
		B91891A91A76D49400C0A4A9 /* MovableBorderlessWindow.h */ = {isa = PBXFileReference; fileEncoding = 4; lastKnownFileType = sourcecode.c.h; path = MovableBorderlessWindow.h; sourceTree = "<group>"; };
		B91891AA1A76D49400C0A4A9 /* MovableBorderlessWindow.m */ = {isa = PBXFileReference; fileEncoding = 4; lastKnownFileType = sourcecode.c.objc; path = MovableBorderlessWindow.m; sourceTree = "<group>"; };
		B9192FA9193E1DA8006C72DD /* en */ = {isa = PBXFileReference; lastKnownFileType = file.xib; name = en; path = en.lproj/ExportOptionView.xib; sourceTree = "<group>"; };
		B9192FAC193E3BFC006C72DD /* en */ = {isa = PBXFileReference; lastKnownFileType = file.xib; name = en; path = en.lproj/ImportOptionView.xib; sourceTree = "<group>"; };
		B927CFFC1CC583CB005797CD /* Security.framework */ = {isa = PBXFileReference; lastKnownFileType = wrapper.framework; name = Security.framework; path = System/Library/Frameworks/Security.framework; sourceTree = SDKROOT; };
		B927CFFE1CC583E0005797CD /* IOKit.framework */ = {isa = PBXFileReference; lastKnownFileType = wrapper.framework; name = IOKit.framework; path = System/Library/Frameworks/IOKit.framework; sourceTree = SDKROOT; };
		B933AB8518BBE1A4006E42B9 /* AppKit+CoreCode.h */ = {isa = PBXFileReference; fileEncoding = 4; lastKnownFileType = sourcecode.c.h; path = "AppKit+CoreCode.h"; sourceTree = "<group>"; };
		B933AB8618BBE1A4006E42B9 /* AppKit+CoreCode.m */ = {isa = PBXFileReference; fileEncoding = 4; lastKnownFileType = sourcecode.c.objc; path = "AppKit+CoreCode.m"; sourceTree = "<group>"; };
		B933AB8918BBE1A4006E42B9 /* CoreLib.h */ = {isa = PBXFileReference; fileEncoding = 4; lastKnownFileType = sourcecode.c.h; path = CoreLib.h; sourceTree = "<group>"; };
		B933AB8A18BBE1A4006E42B9 /* CoreLib.m */ = {isa = PBXFileReference; fileEncoding = 4; lastKnownFileType = sourcecode.c.objc; path = CoreLib.m; sourceTree = "<group>"; };
		B933AB8B18BBE1A4006E42B9 /* Foundation+CoreCode.h */ = {isa = PBXFileReference; fileEncoding = 4; lastKnownFileType = sourcecode.c.h; path = "Foundation+CoreCode.h"; sourceTree = "<group>"; };
		B933AB8C18BBE1A4006E42B9 /* Foundation+CoreCode.m */ = {isa = PBXFileReference; fileEncoding = 4; lastKnownFileType = sourcecode.c.objc; path = "Foundation+CoreCode.m"; sourceTree = "<group>"; };
		B9366189193F8C9E00E8D4CC /* snappy.framework */ = {isa = PBXFileReference; lastKnownFileType = wrapper.framework; name = snappy.framework; path = Frameworks/snappy.framework; sourceTree = "<group>"; };
		B93661941940888D00E8D4CC /* AppDelegate.h */ = {isa = PBXFileReference; fileEncoding = 4; lastKnownFileType = sourcecode.c.h; path = AppDelegate.h; sourceTree = "<group>"; };
		B93661951940888D00E8D4CC /* AppDelegate.m */ = {isa = PBXFileReference; fileEncoding = 4; lastKnownFileType = sourcecode.c.objc; path = AppDelegate.m; sourceTree = "<group>"; };
		B94061281A7E73F100308CBC /* QuartzCore.framework */ = {isa = PBXFileReference; lastKnownFileType = wrapper.framework; name = QuartzCore.framework; path = System/Library/Frameworks/QuartzCore.framework; sourceTree = SDKROOT; };
		B952522D195AEE9000AEBF47 /* PromotionWindow.xib */ = {isa = PBXFileReference; fileEncoding = 4; lastKnownFileType = file.xib; path = PromotionWindow.xib; sourceTree = "<group>"; };
		B952522F195AF2B200AEBF47 /* WebKit.framework */ = {isa = PBXFileReference; lastKnownFileType = wrapper.framework; name = WebKit.framework; path = System/Library/Frameworks/WebKit.framework; sourceTree = SDKROOT; };
		B968A45918B7A4B900309F2F /* AddressHelper.h */ = {isa = PBXFileReference; fileEncoding = 4; lastKnownFileType = sourcecode.c.h; path = AddressHelper.h; sourceTree = "<group>"; };
		B968A45A18B7A4B900309F2F /* AddressHelper.m */ = {isa = PBXFileReference; fileEncoding = 4; lastKnownFileType = sourcecode.c.objc; path = AddressHelper.m; sourceTree = "<group>"; };
		B968B1751B9DD0CF0027881B /* faq.html */ = {isa = PBXFileReference; fileEncoding = 4; lastKnownFileType = text.html; path = faq.html; sourceTree = "<group>"; };
		B968B1771B9DD1C10027881B /* history.html */ = {isa = PBXFileReference; fileEncoding = 4; lastKnownFileType = text.html; path = history.html; sourceTree = "<group>"; };
		B968B1781B9DD1C10027881B /* privacy.html */ = {isa = PBXFileReference; fileEncoding = 4; lastKnownFileType = text.html; path = privacy.html; sourceTree = "<group>"; };
		B968B1791B9DD1C10027881B /* readme.html */ = {isa = PBXFileReference; fileEncoding = 4; lastKnownFileType = text.html; path = readme.html; sourceTree = "<group>"; };
		B968B17F1B9DDE0B0027881B /* DocumentData.h */ = {isa = PBXFileReference; fileEncoding = 4; lastKnownFileType = sourcecode.c.h; path = DocumentData.h; sourceTree = "<group>"; };
		B968B1801B9DDE0B0027881B /* DocumentData.m */ = {isa = PBXFileReference; fileEncoding = 4; lastKnownFileType = sourcecode.c.objc; path = DocumentData.m; sourceTree = "<group>"; };
		B968B1821B9DF4400027881B /* Cell.h */ = {isa = PBXFileReference; fileEncoding = 4; lastKnownFileType = sourcecode.c.h; path = Cell.h; sourceTree = "<group>"; };
		B968B1831B9DF4400027881B /* Cell.m */ = {isa = PBXFileReference; fileEncoding = 4; lastKnownFileType = sourcecode.c.objc; path = Cell.m; sourceTree = "<group>"; };
		B96946C21A72710B004C6748 /* DraggableImage.h */ = {isa = PBXFileReference; fileEncoding = 4; lastKnownFileType = sourcecode.c.h; path = DraggableImage.h; sourceTree = "<group>"; };
		B96946C31A72710B004C6748 /* DraggableImage.m */ = {isa = PBXFileReference; fileEncoding = 4; lastKnownFileType = sourcecode.c.objc; path = DraggableImage.m; sourceTree = "<group>"; };
		B973D90F20767C4000FE566F /* TableEditLite.xcconfig */ = {isa = PBXFileReference; fileEncoding = 4; lastKnownFileType = text.xcconfig; path = TableEditLite.xcconfig; sourceTree = SOURCE_ROOT; };
		B97A5E961CC1540700201C2C /* JMBlockFormatter.h */ = {isa = PBXFileReference; fileEncoding = 4; lastKnownFileType = sourcecode.c.h; name = JMBlockFormatter.h; path = ../Mac/JMBlockFormatter.h; sourceTree = "<group>"; };
		B97A5E971CC1540700201C2C /* JMBlockFormatter.m */ = {isa = PBXFileReference; fileEncoding = 4; lastKnownFileType = sourcecode.c.objc; name = JMBlockFormatter.m; path = ../Mac/JMBlockFormatter.m; sourceTree = "<group>"; };
		B9815CB720753FF7001A6E3F /* FormulaResult.m */ = {isa = PBXFileReference; fileEncoding = 4; lastKnownFileType = sourcecode.c.objc; path = FormulaResult.m; sourceTree = "<group>"; };
		B9815CB820753FF7001A6E3F /* FormulaResult.h */ = {isa = PBXFileReference; fileEncoding = 4; lastKnownFileType = sourcecode.c.h; path = FormulaResult.h; sourceTree = "<group>"; };
		B981B1FC19487ABC0052D15A /* TableEdit.entitlements */ = {isa = PBXFileReference; lastKnownFileType = text.xml; path = TableEdit.entitlements; sourceTree = "<group>"; };
		B981B2001948B3A30052D15A /* DocumentationWindow.xib */ = {isa = PBXFileReference; fileEncoding = 4; lastKnownFileType = file.xib; path = DocumentationWindow.xib; sourceTree = "<group>"; };
		B981B2041948D7790052D15A /* JMValueTransformer.h */ = {isa = PBXFileReference; fileEncoding = 4; lastKnownFileType = sourcecode.c.h; name = JMValueTransformer.h; path = ../Mac/JMValueTransformer.h; sourceTree = "<group>"; };
		B981B2051948D7790052D15A /* JMValueTransformer.m */ = {isa = PBXFileReference; fileEncoding = 4; lastKnownFileType = sourcecode.c.objc; name = JMValueTransformer.m; path = ../Mac/JMValueTransformer.m; sourceTree = "<group>"; };
		B9823FAA1DE619CA0004ABCD /* CrashHelper.app */ = {isa = PBXFileReference; lastKnownFileType = wrapper.application; path = CrashHelper.app; sourceTree = "<group>"; };
		B9857E1E1EC4F27800978B94 /* credits.html */ = {isa = PBXFileReference; fileEncoding = 4; lastKnownFileType = text.html; path = credits.html; sourceTree = "<group>"; };
		B9896CDF1EA7C20A004075C9 /* icon-appstore.png */ = {isa = PBXFileReference; lastKnownFileType = image.png; path = "icon-appstore.png"; sourceTree = "<group>"; };
		B9896CE01EA7C20A004075C9 /* icon-macupdate.png */ = {isa = PBXFileReference; lastKnownFileType = image.png; path = "icon-macupdate.png"; sourceTree = "<group>"; };
		B9896CE11EA7C20A004075C9 /* JMEditableBorderlessWindow.h */ = {isa = PBXFileReference; fileEncoding = 4; lastKnownFileType = sourcecode.c.h; path = JMEditableBorderlessWindow.h; sourceTree = "<group>"; };
		B9896CE21EA7C20A004075C9 /* JMEditableBorderlessWindow.m */ = {isa = PBXFileReference; fileEncoding = 4; lastKnownFileType = sourcecode.c.objc; path = JMEditableBorderlessWindow.m; sourceTree = "<group>"; };
		B9896CE31EA7C20A004075C9 /* JMRatingWindow.xib */ = {isa = PBXFileReference; fileEncoding = 4; lastKnownFileType = file.xib; path = JMRatingWindow.xib; sourceTree = "<group>"; };
		B9896CE41EA7C20A004075C9 /* JMRatingWindowController.h */ = {isa = PBXFileReference; fileEncoding = 4; lastKnownFileType = sourcecode.c.h; path = JMRatingWindowController.h; sourceTree = "<group>"; };
		B9896CE51EA7C20A004075C9 /* JMRatingWindowController.m */ = {isa = PBXFileReference; fileEncoding = 4; lastKnownFileType = sourcecode.c.objc; path = JMRatingWindowController.m; sourceTree = "<group>"; };
		B9A76D1F19589924002733B9 /* Sparkle.framework */ = {isa = PBXFileReference; lastKnownFileType = wrapper.framework; name = Sparkle.framework; path = Frameworks/Sparkle.framework; sourceTree = "<group>"; };
		B9A779D41B8474400029C5DF /* JMHostInformation.h */ = {isa = PBXFileReference; fileEncoding = 4; lastKnownFileType = sourcecode.c.h; name = JMHostInformation.h; path = ../Mac/JMHostInformation.h; sourceTree = "<group>"; };
		B9A779D51B8474400029C5DF /* JMHostInformation.m */ = {isa = PBXFileReference; fileEncoding = 4; lastKnownFileType = sourcecode.c.objc; name = JMHostInformation.m; path = ../Mac/JMHostInformation.m; sourceTree = "<group>"; };
		B9AA2EA31F25489400E38F4A /* dsa_pub.pem */ = {isa = PBXFileReference; fileEncoding = 4; lastKnownFileType = text; name = dsa_pub.pem; path = ../../CoreLibPrivate/dsa_pub.pem; sourceTree = "<absolute>"; };
		B9AA2EBA1F25FC7300E38F4A /* org.sparkle-project.Downloader.xpc */ = {isa = PBXFileReference; lastKnownFileType = "wrapper.xpc-service"; name = "org.sparkle-project.Downloader.xpc"; path = "../XPCServices/org.sparkle-project.Downloader.xpc"; sourceTree = "<group>"; };
		B9AA2EBB1F25FC7300E38F4A /* org.sparkle-project.InstallerConnection.xpc */ = {isa = PBXFileReference; lastKnownFileType = "wrapper.xpc-service"; name = "org.sparkle-project.InstallerConnection.xpc"; path = "../XPCServices/org.sparkle-project.InstallerConnection.xpc"; sourceTree = "<group>"; };
		B9AA2EBC1F25FC7300E38F4A /* org.sparkle-project.InstallerLauncher.xpc */ = {isa = PBXFileReference; lastKnownFileType = "wrapper.xpc-service"; name = "org.sparkle-project.InstallerLauncher.xpc"; path = "../XPCServices/org.sparkle-project.InstallerLauncher.xpc"; sourceTree = "<group>"; };
		B9AA2EBD1F25FC7300E38F4A /* org.sparkle-project.InstallerStatus.xpc */ = {isa = PBXFileReference; lastKnownFileType = "wrapper.xpc-service"; name = "org.sparkle-project.InstallerStatus.xpc"; path = "../XPCServices/org.sparkle-project.InstallerStatus.xpc"; sourceTree = "<group>"; };
		B9B19240177DED9F00FFE14D /* TableEdit-Lite.app */ = {isa = PBXFileReference; explicitFileType = wrapper.application; includeInIndex = 0; path = "TableEdit-Lite.app"; sourceTree = BUILT_PRODUCTS_DIR; };
		B9B19243177DED9F00FFE14D /* Cocoa.framework */ = {isa = PBXFileReference; lastKnownFileType = wrapper.framework; name = Cocoa.framework; path = System/Library/Frameworks/Cocoa.framework; sourceTree = SDKROOT; };
		B9B19246177DED9F00FFE14D /* AppKit.framework */ = {isa = PBXFileReference; lastKnownFileType = wrapper.framework; name = AppKit.framework; path = System/Library/Frameworks/AppKit.framework; sourceTree = SDKROOT; };
		B9B19248177DED9F00FFE14D /* Foundation.framework */ = {isa = PBXFileReference; lastKnownFileType = wrapper.framework; name = Foundation.framework; path = System/Library/Frameworks/Foundation.framework; sourceTree = SDKROOT; };
		B9B1924B177DED9F00FFE14D /* TableEdit-Info.plist */ = {isa = PBXFileReference; lastKnownFileType = text.plist.xml; path = "TableEdit-Info.plist"; sourceTree = "<group>"; };
		B9B19251177DED9F00FFE14D /* TableEdit-Prefix.pch */ = {isa = PBXFileReference; lastKnownFileType = sourcecode.c.h; path = "TableEdit-Prefix.pch"; sourceTree = "<group>"; };
		B9B19255177DED9F00FFE14D /* Document.h */ = {isa = PBXFileReference; lastKnownFileType = sourcecode.c.h; path = Document.h; sourceTree = "<group>"; };
		B9B19256177DED9F00FFE14D /* Document.m */ = {isa = PBXFileReference; lastKnownFileType = sourcecode.c.objc; path = Document.m; sourceTree = "<group>"; };
		B9B19259177DED9F00FFE14D /* en */ = {isa = PBXFileReference; lastKnownFileType = file.xib; name = en; path = en.lproj/Document.xib; sourceTree = "<group>"; };
		B9B1925C177DED9F00FFE14D /* en */ = {isa = PBXFileReference; lastKnownFileType = file.xib; name = en; path = en.lproj/MainMenu.xib; sourceTree = "<group>"; };
		B9B3BC3C1DA93F74005BA18B /* PrintOptionView.xib */ = {isa = PBXFileReference; fileEncoding = 4; lastKnownFileType = file.xib; path = PrintOptionView.xib; sourceTree = "<group>"; };
		B9B3BC3F1DA940A5005BA18B /* PrintViewController.h */ = {isa = PBXFileReference; fileEncoding = 4; lastKnownFileType = sourcecode.c.h; path = PrintViewController.h; sourceTree = "<group>"; };
		B9B3BC401DA940A5005BA18B /* PrintViewController.m */ = {isa = PBXFileReference; fileEncoding = 4; lastKnownFileType = sourcecode.c.objc; path = PrintViewController.m; sourceTree = "<group>"; };
		B9BBC2AA18B62772007FBC4C /* Images.xcassets */ = {isa = PBXFileReference; lastKnownFileType = folder.assetcatalog; path = Images.xcassets; sourceTree = "<group>"; };
		B9C622961A6EA3EF00CFC14F /* GridTableHeaderView.h */ = {isa = PBXFileReference; fileEncoding = 4; lastKnownFileType = sourcecode.c.h; path = GridTableHeaderView.h; sourceTree = "<group>"; };
		B9C622971A6EA3EF00CFC14F /* GridTableHeaderView.m */ = {isa = PBXFileReference; fileEncoding = 4; lastKnownFileType = sourcecode.c.objc; path = GridTableHeaderView.m; sourceTree = "<group>"; };
		B9C8D1E3177E3ED5007B980C /* GridTableView.h */ = {isa = PBXFileReference; lastKnownFileType = sourcecode.c.h; path = GridTableView.h; sourceTree = "<group>"; };
		B9C8D1E4177E3ED5007B980C /* GridTableView.m */ = {isa = PBXFileReference; lastKnownFileType = sourcecode.c.objc; path = GridTableView.m; sourceTree = "<group>"; };
		B9D16AC71DFC74A200AFA58B /* InsertNumbersView.xib */ = {isa = PBXFileReference; fileEncoding = 4; lastKnownFileType = file.xib; path = InsertNumbersView.xib; sourceTree = "<group>"; };
		B9ECC5C01959D9EC00682C68 /* WelcomeWindow.xib */ = {isa = PBXFileReference; fileEncoding = 4; lastKnownFileType = file.xib; path = WelcomeWindow.xib; sourceTree = "<group>"; };
		B9F85F1F1BCBAE94004B7AF9 /* JMAppMovedHandler.h */ = {isa = PBXFileReference; fileEncoding = 4; lastKnownFileType = sourcecode.c.h; name = JMAppMovedHandler.h; path = ../Mac/JMAppMovedHandler.h; sourceTree = "<group>"; };
		B9F85F201BCBAE94004B7AF9 /* JMAppMovedHandler.m */ = {isa = PBXFileReference; fileEncoding = 4; lastKnownFileType = sourcecode.c.objc; name = JMAppMovedHandler.m; path = ../Mac/JMAppMovedHandler.m; sourceTree = "<group>"; };
		B9F8ECFA18B3D84A006CA81E /* DraggableButton.h */ = {isa = PBXFileReference; fileEncoding = 4; lastKnownFileType = sourcecode.c.h; path = DraggableButton.h; sourceTree = "<group>"; };
		B9F8ECFB18B3D84A006CA81E /* DraggableButton.m */ = {isa = PBXFileReference; fileEncoding = 4; lastKnownFileType = sourcecode.c.objc; path = DraggableButton.m; sourceTree = "<group>"; };
		B9F9D8FD1BC679EA00545878 /* JMWebView.h */ = {isa = PBXFileReference; fileEncoding = 4; lastKnownFileType = sourcecode.c.h; name = JMWebView.h; path = ../Mac/JMWebView.h; sourceTree = "<group>"; };
		B9F9D8FE1BC679EA00545878 /* JMWebView.m */ = {isa = PBXFileReference; fileEncoding = 4; lastKnownFileType = sourcecode.c.objc; name = JMWebView.m; path = ../Mac/JMWebView.m; sourceTree = "<group>"; };
		B9F9D9031BC68EF800545878 /* JMApplicationDelegate.h */ = {isa = PBXFileReference; fileEncoding = 4; lastKnownFileType = sourcecode.c.h; name = JMApplicationDelegate.h; path = ../Mac/JMApplicationDelegate.h; sourceTree = "<group>"; };
		B9F9D9041BC68EF800545878 /* JMApplicationDelegate.m */ = {isa = PBXFileReference; fileEncoding = 4; lastKnownFileType = sourcecode.c.objc; name = JMApplicationDelegate.m; path = ../Mac/JMApplicationDelegate.m; sourceTree = "<group>"; };
/* End PBXFileReference section */

/* Begin PBXFrameworksBuildPhase section */
		B9B1923D177DED9F00FFE14D /* Frameworks */ = {
			isa = PBXFrameworksBuildPhase;
			buildActionMask = 2147483647;
			files = (
				B94061291A7E73F100308CBC /* QuartzCore.framework in Frameworks */,
				B917BC0C1F24B47B00DC22F7 /* IOKit.framework in Frameworks */,
				B9525230195AF2B200AEBF47 /* WebKit.framework in Frameworks */,
				B9B19244177DED9F00FFE14D /* Cocoa.framework in Frameworks */,
				B9A76D2019589924002733B9 /* Sparkle.framework in Frameworks */,
				B91360EF194EF6FD002EDC02 /* LibXL.framework in Frameworks */,
				B936618A193F8C9E00E8D4CC /* snappy.framework in Frameworks */,
			);
			runOnlyForDeploymentPostprocessing = 0;
		};
/* End PBXFrameworksBuildPhase section */

/* Begin PBXGroup section */
		B9021F221C08CEC900E113A0 /* Supporting Code */ = {
			isa = PBXGroup;
			children = (
				B968B1821B9DF4400027881B /* Cell.h */,
				B968B1831B9DF4400027881B /* Cell.m */,
				B9815CB820753FF7001A6E3F /* FormulaResult.h */,
				B9815CB720753FF7001A6E3F /* FormulaResult.m */,
				B93661941940888D00E8D4CC /* AppDelegate.h */,
				B93661951940888D00E8D4CC /* AppDelegate.m */,
				B9B19251177DED9F00FFE14D /* TableEdit-Prefix.pch */,
				B9321F451DAD0B3300334AA9 /* Helper */,
				B9321F421DAD0A7B00334AA9 /* ViewSubclasses */,
				B9321F441DAD0B0800334AA9 /* ViewController */,
			);
			name = "Supporting Code";
			sourceTree = "<group>";
		};
		B9321F421DAD0A7B00334AA9 /* ViewSubclasses */ = {
			isa = PBXGroup;
			children = (
				B96946C21A72710B004C6748 /* DraggableImage.h */,
				B96946C31A72710B004C6748 /* DraggableImage.m */,
				B91891A91A76D49400C0A4A9 /* MovableBorderlessWindow.h */,
				B91891AA1A76D49400C0A4A9 /* MovableBorderlessWindow.m */,
				B9F8ECFA18B3D84A006CA81E /* DraggableButton.h */,
				B9F8ECFB18B3D84A006CA81E /* DraggableButton.m */,
				B9C622961A6EA3EF00CFC14F /* GridTableHeaderView.h */,
				B9C622971A6EA3EF00CFC14F /* GridTableHeaderView.m */,
			);
			name = ViewSubclasses;
			sourceTree = "<group>";
		};
		B9321F441DAD0B0800334AA9 /* ViewController */ = {
			isa = PBXGroup;
			children = (
				B9B3BC3F1DA940A5005BA18B /* PrintViewController.h */,
				B9B3BC401DA940A5005BA18B /* PrintViewController.m */,
			);
			name = ViewController;
			sourceTree = "<group>";
		};
		B9321F451DAD0B3300334AA9 /* Helper */ = {
			isa = PBXGroup;
			children = (
				B968A45918B7A4B900309F2F /* AddressHelper.h */,
				B968A45A18B7A4B900309F2F /* AddressHelper.m */,
			);
			name = Helper;
			sourceTree = "<group>";
		};
		B933AB8418BBE1A4006E42B9 /* CoreLib */ = {
			isa = PBXGroup;
			children = (
				B9896CDE1EA7C20A004075C9 /* JMRatingWindow */,
				B933AB8918BBE1A4006E42B9 /* CoreLib.h */,
				B933AB8A18BBE1A4006E42B9 /* CoreLib.m */,
				B933AB8B18BBE1A4006E42B9 /* Foundation+CoreCode.h */,
				B933AB8C18BBE1A4006E42B9 /* Foundation+CoreCode.m */,
				B933AB8518BBE1A4006E42B9 /* AppKit+CoreCode.h */,
				B933AB8618BBE1A4006E42B9 /* AppKit+CoreCode.m */,
				B9F9D9031BC68EF800545878 /* JMApplicationDelegate.h */,
				B9F9D9041BC68EF800545878 /* JMApplicationDelegate.m */,
				B9F85F1F1BCBAE94004B7AF9 /* JMAppMovedHandler.h */,
				B9F85F201BCBAE94004B7AF9 /* JMAppMovedHandler.m */,
				B9F9D8FD1BC679EA00545878 /* JMWebView.h */,
				B9F9D8FE1BC679EA00545878 /* JMWebView.m */,
				B90B0D371DA7F907000CA590 /* JMURLButton.h */,
				B90B0D381DA7F907000CA590 /* JMURLButton.m */,
				B981B2041948D7790052D15A /* JMValueTransformer.h */,
				B981B2051948D7790052D15A /* JMValueTransformer.m */,
				B97A5E961CC1540700201C2C /* JMBlockFormatter.h */,
				B97A5E971CC1540700201C2C /* JMBlockFormatter.m */,
				B9A779D41B8474400029C5DF /* JMHostInformation.h */,
				B9A779D51B8474400029C5DF /* JMHostInformation.m */,
			);
			name = CoreLib;
			path = ../CoreLib/CoreLib;
			sourceTree = "<group>";
		};
		B9896CDE1EA7C20A004075C9 /* JMRatingWindow */ = {
			isa = PBXGroup;
			children = (
				B9896CDF1EA7C20A004075C9 /* icon-appstore.png */,
				B9896CE01EA7C20A004075C9 /* icon-macupdate.png */,
				B9896CE11EA7C20A004075C9 /* JMEditableBorderlessWindow.h */,
				B9896CE21EA7C20A004075C9 /* JMEditableBorderlessWindow.m */,
				B9896CE31EA7C20A004075C9 /* JMRatingWindow.xib */,
				B9896CE41EA7C20A004075C9 /* JMRatingWindowController.h */,
				B9896CE51EA7C20A004075C9 /* JMRatingWindowController.m */,
			);
			name = JMRatingWindow;
			path = ../Mac/JMRatingWindow;
			sourceTree = "<group>";
		};
		B9B19237177DED9F00FFE14D = {
			isa = PBXGroup;
			children = (
				B933AB8418BBE1A4006E42B9 /* CoreLib */,
				B9B19249177DED9F00FFE14D /* TableEdit */,
				B9B19242177DED9F00FFE14D /* Frameworks */,
				B9B19241177DED9F00FFE14D /* Products */,
			);
			sourceTree = "<group>";
		};
		B9B19241177DED9F00FFE14D /* Products */ = {
			isa = PBXGroup;
			children = (
				B9B19240177DED9F00FFE14D /* TableEdit-Lite.app */,
			);
			name = Products;
			sourceTree = "<group>";
		};
		B9B19242177DED9F00FFE14D /* Frameworks */ = {
			isa = PBXGroup;
			children = (
				B927CFFE1CC583E0005797CD /* IOKit.framework */,
				B927CFFC1CC583CB005797CD /* Security.framework */,
				B94061281A7E73F100308CBC /* QuartzCore.framework */,
				B952522F195AF2B200AEBF47 /* WebKit.framework */,
				B9A76D1F19589924002733B9 /* Sparkle.framework */,
				B91360EE194EF6FD002EDC02 /* LibXL.framework */,
				B9366189193F8C9E00E8D4CC /* snappy.framework */,
				B9B19243177DED9F00FFE14D /* Cocoa.framework */,
				B9B19245177DED9F00FFE14D /* Other Frameworks */,
			);
			name = Frameworks;
			sourceTree = "<group>";
		};
		B9B19245177DED9F00FFE14D /* Other Frameworks */ = {
			isa = PBXGroup;
			children = (
				B9B19246177DED9F00FFE14D /* AppKit.framework */,
				B9B19248177DED9F00FFE14D /* Foundation.framework */,
			);
			name = "Other Frameworks";
			sourceTree = "<group>";
		};
		B9B19249177DED9F00FFE14D /* TableEdit */ = {
			isa = PBXGroup;
			children = (
				B9B19255177DED9F00FFE14D /* Document.h */,
				B9B19256177DED9F00FFE14D /* Document.m */,
				B968B17F1B9DDE0B0027881B /* DocumentData.h */,
				B968B1801B9DDE0B0027881B /* DocumentData.m */,
				B9C8D1E3177E3ED5007B980C /* GridTableView.h */,
				B9C8D1E4177E3ED5007B980C /* GridTableView.m */,
				B9021F221C08CEC900E113A0 /* Supporting Code */,
				B9B1924A177DED9F00FFE14D /* Supporting Files */,
			);
			path = TableEdit;
			sourceTree = "<group>";
		};
		B9B1924A177DED9F00FFE14D /* Supporting Files */ = {
			isa = PBXGroup;
			children = (
				B9B19258177DED9F00FFE14D /* Document.xib */,
				B9B3BC3C1DA93F74005BA18B /* PrintOptionView.xib */,
				B9192FA8193E1DA8006C72DD /* ExportOptionView.xib */,
				B9192FAB193E3BFC006C72DD /* ImportOptionView.xib */,
				B9B1925B177DED9F00FFE14D /* MainMenu.xib */,
				B9ECC5C01959D9EC00682C68 /* WelcomeWindow.xib */,
				B981B2001948B3A30052D15A /* DocumentationWindow.xib */,
				B952522D195AEE9000AEBF47 /* PromotionWindow.xib */,
				B9D16AC71DFC74A200AFA58B /* InsertNumbersView.xib */,
				B9823FAA1DE619CA0004ABCD /* CrashHelper.app */,
				B9BBC2AA18B62772007FBC4C /* Images.xcassets */,
				B9B1924B177DED9F00FFE14D /* TableEdit-Info.plist */,
				B9857E1E1EC4F27800978B94 /* credits.html */,
				B968B1751B9DD0CF0027881B /* faq.html */,
				B968B1771B9DD1C10027881B /* history.html */,
				B968B1781B9DD1C10027881B /* privacy.html */,
				B968B1791B9DD1C10027881B /* readme.html */,
				B973D90F20767C4000FE566F /* TableEditLite.xcconfig */,
				B9AA2EA31F25489400E38F4A /* dsa_pub.pem */,
				B9AA2EBA1F25FC7300E38F4A /* org.sparkle-project.Downloader.xpc */,
				B9AA2EBB1F25FC7300E38F4A /* org.sparkle-project.InstallerConnection.xpc */,
				B9AA2EBC1F25FC7300E38F4A /* org.sparkle-project.InstallerLauncher.xpc */,
				B9AA2EBD1F25FC7300E38F4A /* org.sparkle-project.InstallerStatus.xpc */,
				B981B1FC19487ABC0052D15A /* TableEdit.entitlements */,
			);
			name = "Supporting Files";
			sourceTree = "<group>";
		};
/* End PBXGroup section */

/* Begin PBXNativeTarget section */
		B9B1923F177DED9F00FFE14D /* TableEdit-Lite */ = {
			isa = PBXNativeTarget;
			buildConfigurationList = B9B19260177DED9F00FFE14D /* Build configuration list for PBXNativeTarget "TableEdit-Lite" */;
			buildPhases = (
				B9B1923C177DED9F00FFE14D /* Sources */,
				B9B1923D177DED9F00FFE14D /* Frameworks */,
				B9B1923E177DED9F00FFE14D /* Resources */,
				B936618B193F901300E8D4CC /* CopyFiles */,
				B981B1FB19487A690052D15A /* ShellScript */,
				B9AA33CB1BE10680009173E8 /* CopyFiles */,
				B9AA33CF1BE10AED009173E8 /* CopyFiles */,
				B9AA2EA91F25F06400E38F4A /* CopyFiles */,
			);
			buildRules = (
			);
			dependencies = (
			);
			name = "TableEdit-Lite";
			productName = TableEdit;
			productReference = B9B19240177DED9F00FFE14D /* TableEdit-Lite.app */;
			productType = "com.apple.product-type.application";
		};
/* End PBXNativeTarget section */

/* Begin PBXProject section */
		B9B19238177DED9F00FFE14D /* Project object */ = {
			isa = PBXProject;
			attributes = {
				LastUpgradeCheck = 0930;
				ORGANIZATIONNAME = "CoreCode Limited";
				TargetAttributes = {
					B9B1923F177DED9F00FFE14D = {
						DevelopmentTeam = 9D78DG5ACV;
						ProvisioningStyle = Automatic;
						SystemCapabilities = {
							com.apple.Sandbox = {
								enabled = 1;
							};
							com.apple.iCloud = {
								enabled = 0;
							};
						};
					};
				};
			};
			buildConfigurationList = B9B1923B177DED9F00FFE14D /* Build configuration list for PBXProject "TableEditLite" */;
			compatibilityVersion = "Xcode 3.2";
			developmentRegion = English;
			hasScannedForEncodings = 0;
			knownRegions = (
				en,
			);
			mainGroup = B9B19237177DED9F00FFE14D;
			productRefGroup = B9B19241177DED9F00FFE14D /* Products */;
			projectDirPath = "";
			projectRoot = "";
			targets = (
				B9B1923F177DED9F00FFE14D /* TableEdit-Lite */,
			);
		};
/* End PBXProject section */

/* Begin PBXResourcesBuildPhase section */
		B9B1923E177DED9F00FFE14D /* Resources */ = {
			isa = PBXResourcesBuildPhase;
			buildActionMask = 2147483647;
			files = (
				B9AA2EA41F25489400E38F4A /* dsa_pub.pem in Resources */,
				B9896CEC1EA7C20A004075C9 /* JMRatingWindow.xib in Resources */,
				B9857E1F1EC4F27800978B94 /* credits.html in Resources */,
				B968B17A1B9DD1C10027881B /* history.html in Resources */,
				B968B1761B9DD0CF0027881B /* faq.html in Resources */,
				B952522E195AEE9000AEBF47 /* PromotionWindow.xib in Resources */,
				B9896CE61EA7C20A004075C9 /* icon-appstore.png in Resources */,
				B9896CE81EA7C20A004075C9 /* icon-macupdate.png in Resources */,
				B9ECC5C11959D9EC00682C68 /* WelcomeWindow.xib in Resources */,
				B9823FAB1DE619CA0004ABCD /* CrashHelper.app in Resources */,
				B9B3BC3D1DA93F74005BA18B /* PrintOptionView.xib in Resources */,
				B9BBC2AB18B62772007FBC4C /* Images.xcassets in Resources */,
				B9192FAA193E1DA8006C72DD /* ExportOptionView.xib in Resources */,
				B9B1925A177DED9F00FFE14D /* Document.xib in Resources */,
				B9B1925D177DED9F00FFE14D /* MainMenu.xib in Resources */,
				B968B17B1B9DD1C10027881B /* privacy.html in Resources */,
				B981B2011948B3A30052D15A /* DocumentationWindow.xib in Resources */,
				B9D16AC81DFC74A200AFA58B /* InsertNumbersView.xib in Resources */,
				B9192FAD193E3BFC006C72DD /* ImportOptionView.xib in Resources */,
				B973D91020767C4000FE566F /* TableEditLite.xcconfig in Resources */,
				B968B17C1B9DD1C10027881B /* readme.html in Resources */,
			);
			runOnlyForDeploymentPostprocessing = 0;
		};
/* End PBXResourcesBuildPhase section */

/* Begin PBXShellScriptBuildPhase section */
		B981B1FB19487A690052D15A /* ShellScript */ = {
			isa = PBXShellScriptBuildPhase;
			buildActionMask = 2147483647;
			files = (
			);
			inputPaths = (
			);
			outputPaths = (
			);
			runOnlyForDeploymentPostprocessing = 0;
			shellPath = /bin/sh;
			shellScript = "buildNumber=$(/usr/libexec/PlistBuddy -c \"Print CFBundleVersion\" \"$PRODUCT_SETTINGS_PATH\")\nbuildNumber=$(($buildNumber + 1))\n/usr/libexec/PlistBuddy -c \"Set :CFBundleVersion $buildNumber\" \"$PRODUCT_SETTINGS_PATH\"";
		};
/* End PBXShellScriptBuildPhase section */

/* Begin PBXSourcesBuildPhase section */
		B9B1923C177DED9F00FFE14D /* Sources */ = {
			isa = PBXSourcesBuildPhase;
			buildActionMask = 2147483647;
			files = (
				B9815CB920753FF7001A6E3F /* FormulaResult.m in Sources */,
				B93661961940888D00E8D4CC /* AppDelegate.m in Sources */,
				B9896CEE1EA7C20A004075C9 /* JMRatingWindowController.m in Sources */,
				B97A5E981CC1540700201C2C /* JMBlockFormatter.m in Sources */,
				B9B19257177DED9F00FFE14D /* Document.m in Sources */,
				B933AB9318BBE1A4006E42B9 /* Foundation+CoreCode.m in Sources */,
				B9F8ECFC18B3D84A006CA81E /* DraggableButton.m in Sources */,
				B9F9D8FF1BC679EA00545878 /* JMWebView.m in Sources */,
				B9C8D1E5177E3F9D007B980C /* GridTableView.m in Sources */,
				B9F9D9051BC68EF800545878 /* JMApplicationDelegate.m in Sources */,
				B968B1841B9DF4400027881B /* Cell.m in Sources */,
				B9A779D61B8474400029C5DF /* JMHostInformation.m in Sources */,
				B96946C41A72710B004C6748 /* DraggableImage.m in Sources */,
				B91891AB1A76D49400C0A4A9 /* MovableBorderlessWindow.m in Sources */,
				B981B2061948D7790052D15A /* JMValueTransformer.m in Sources */,
				B9F85F211BCBAE94004B7AF9 /* JMAppMovedHandler.m in Sources */,
				B933AB9218BBE1A4006E42B9 /* CoreLib.m in Sources */,
				B968B1811B9DDE0B0027881B /* DocumentData.m in Sources */,
				B933AB9018BBE1A4006E42B9 /* AppKit+CoreCode.m in Sources */,
				B9896CEA1EA7C20A004075C9 /* JMEditableBorderlessWindow.m in Sources */,
				B90B0D391DA7F907000CA590 /* JMURLButton.m in Sources */,
				B9B3BC411DA940A5005BA18B /* PrintViewController.m in Sources */,
				B968A45B18B7A4B900309F2F /* AddressHelper.m in Sources */,
				B9C622981A6EA3EF00CFC14F /* GridTableHeaderView.m in Sources */,
			);
			runOnlyForDeploymentPostprocessing = 0;
		};
/* End PBXSourcesBuildPhase section */

/* Begin PBXVariantGroup section */
		B9192FA8193E1DA8006C72DD /* ExportOptionView.xib */ = {
			isa = PBXVariantGroup;
			children = (
				B9192FA9193E1DA8006C72DD /* en */,
			);
			name = ExportOptionView.xib;
			sourceTree = "<group>";
		};
		B9192FAB193E3BFC006C72DD /* ImportOptionView.xib */ = {
			isa = PBXVariantGroup;
			children = (
				B9192FAC193E3BFC006C72DD /* en */,
			);
			name = ImportOptionView.xib;
			sourceTree = "<group>";
		};
		B9B19258177DED9F00FFE14D /* Document.xib */ = {
			isa = PBXVariantGroup;
			children = (
				B9B19259177DED9F00FFE14D /* en */,
			);
			name = Document.xib;
			sourceTree = "<group>";
		};
		B9B1925B177DED9F00FFE14D /* MainMenu.xib */ = {
			isa = PBXVariantGroup;
			children = (
				B9B1925C177DED9F00FFE14D /* en */,
			);
			name = MainMenu.xib;
			sourceTree = "<group>";
		};
/* End PBXVariantGroup section */

/* Begin XCBuildConfiguration section */
		B9B1925E177DED9F00FFE14D /* Debug */ = {
			isa = XCBuildConfiguration;
			baseConfigurationReference = B973D90F20767C4000FE566F /* TableEditLite.xcconfig */;
			buildSettings = {
				ALWAYS_SEARCH_USER_PATHS = NO;
				CLANG_CXX_LANGUAGE_STANDARD = "gnu++0x";
				CLANG_CXX_LIBRARY = "libc++";
				CLANG_ENABLE_OBJC_ARC = YES;
				CLANG_WARN_BLOCK_CAPTURE_AUTORELEASING = YES;
				CLANG_WARN_BOOL_CONVERSION = YES;
				CLANG_WARN_COMMA = YES;
				CLANG_WARN_CONSTANT_CONVERSION = YES;
				CLANG_WARN_DEPRECATED_OBJC_IMPLEMENTATIONS = YES;
				CLANG_WARN_EMPTY_BODY = YES;
				CLANG_WARN_ENUM_CONVERSION = YES;
				CLANG_WARN_INFINITE_RECURSION = YES;
				CLANG_WARN_INT_CONVERSION = YES;
				CLANG_WARN_OBJC_IMPLICIT_RETAIN_SELF = YES;
				CLANG_WARN_RANGE_LOOP_ANALYSIS = YES;
				CLANG_WARN_STRICT_PROTOTYPES = YES;
				CLANG_WARN_SUSPICIOUS_IMPLICIT_CONVERSION = YES;
				CLANG_WARN_SUSPICIOUS_MOVE = YES;
				CLANG_WARN_UNREACHABLE_CODE = YES;
				CLANG_WARN__DUPLICATE_METHOD_MATCH = YES;
				COPY_PHASE_STRIP = NO;
				DEBUG_INFORMATION_FORMAT = dwarf;
				ENABLE_STRICT_OBJC_MSGSEND = YES;
				ENABLE_TESTABILITY = YES;
				GCC_C_LANGUAGE_STANDARD = gnu99;
				GCC_DYNAMIC_NO_PIC = NO;
				GCC_ENABLE_OBJC_EXCEPTIONS = YES;
				GCC_NO_COMMON_BLOCKS = YES;
				GCC_OPTIMIZATION_LEVEL = 0;
				GCC_PREPROCESSOR_DEFINITIONS = (
					"SANDBOX=1",
					"DEBUG=1",
				);
				GCC_SYMBOLS_PRIVATE_EXTERN = NO;
				GCC_WARN_64_TO_32_BIT_CONVERSION = YES;
				GCC_WARN_ABOUT_RETURN_TYPE = YES;
				GCC_WARN_MULTIPLE_DEFINITION_TYPES_FOR_SELECTOR = YES;
				GCC_WARN_STRICT_SELECTOR_MATCH = YES;
				GCC_WARN_UNDECLARED_SELECTOR = YES;
				GCC_WARN_UNINITIALIZED_AUTOS = YES;
				GCC_WARN_UNUSED_FUNCTION = YES;
				GCC_WARN_UNUSED_VARIABLE = YES;
				MACOSX_DEPLOYMENT_TARGET = 10.10;
				ONLY_ACTIVE_ARCH = YES;
				OTHER_CFLAGS = (
					"-ftrapv",
					"-fsanitize-undefined-trap-on-error",
					"-fsanitize=undefined-trap,float-cast-overflow,float-divide-by-zero,integer-divide-by-zero,shift,signed-integer-overflow",
					"-fobjc-arc-exceptions",
				);
				SDKROOT = macosx;
				STRIP_INSTALLED_PRODUCT = NO;
				WARNING_CFLAGS = (
					"-Weverything",
					"-Wshadow",
					"-Wimplicit-retain-self",
					"-Wassign-enum",
					"-Wno-objc-missing-property-synthesis",
					"-Wno-objc-interface-ivars",
					"-Wno-readonly-setter-attrs",
					"-Wno-arc-repeated-use-of-weak",
					"-Wno-direct-ivar-access",
					"-Wno-pedantic",
					"-Wno-format-nonliteral",
					"-Wno-c++98-compat-pedantic",
					"-Wno-c++98-compat",
					"-Wno-unknown-warning-option",
					"-Wno-documentation-unknown-command",
					"-Wno-date-time",
					"-Wno-reserved-id-macro",
					"-Wno-documentation",
					"-Wno-nonnull",
					"-Wno-nullable-to-nonnull-conversion",
					"-Wno-auto-import",
					"-Wno-double-promotion",
				);
			};
			name = Debug;
		};
		B9B1925F177DED9F00FFE14D /* Release */ = {
			isa = XCBuildConfiguration;
			baseConfigurationReference = B973D90F20767C4000FE566F /* TableEditLite.xcconfig */;
			buildSettings = {
				ALWAYS_SEARCH_USER_PATHS = NO;
				CLANG_CXX_LANGUAGE_STANDARD = "gnu++0x";
				CLANG_CXX_LIBRARY = "libc++";
				CLANG_ENABLE_OBJC_ARC = YES;
				CLANG_WARN_BLOCK_CAPTURE_AUTORELEASING = YES;
				CLANG_WARN_BOOL_CONVERSION = YES;
				CLANG_WARN_COMMA = YES;
				CLANG_WARN_CONSTANT_CONVERSION = YES;
				CLANG_WARN_DEPRECATED_OBJC_IMPLEMENTATIONS = YES;
				CLANG_WARN_EMPTY_BODY = YES;
				CLANG_WARN_ENUM_CONVERSION = YES;
				CLANG_WARN_INFINITE_RECURSION = YES;
				CLANG_WARN_INT_CONVERSION = YES;
				CLANG_WARN_OBJC_IMPLICIT_RETAIN_SELF = YES;
				CLANG_WARN_RANGE_LOOP_ANALYSIS = YES;
				CLANG_WARN_STRICT_PROTOTYPES = YES;
				CLANG_WARN_SUSPICIOUS_IMPLICIT_CONVERSION = YES;
				CLANG_WARN_SUSPICIOUS_MOVE = YES;
				CLANG_WARN_UNREACHABLE_CODE = YES;
				CLANG_WARN__DUPLICATE_METHOD_MATCH = YES;
				COPY_PHASE_STRIP = NO;
				DEBUG_INFORMATION_FORMAT = dwarf;
				ENABLE_STRICT_OBJC_MSGSEND = YES;
				GCC_C_LANGUAGE_STANDARD = gnu99;
				GCC_ENABLE_OBJC_EXCEPTIONS = YES;
				GCC_NO_COMMON_BLOCKS = YES;
				GCC_PREPROCESSOR_DEFINITIONS = (
					"SANDBOX=1",
					"USE_SPARKLE=2",
					"NDEBUG=1",
					"RELEASE=1",
				);
				GCC_WARN_64_TO_32_BIT_CONVERSION = YES;
				GCC_WARN_ABOUT_RETURN_TYPE = YES;
				GCC_WARN_MULTIPLE_DEFINITION_TYPES_FOR_SELECTOR = YES;
				GCC_WARN_STRICT_SELECTOR_MATCH = YES;
				GCC_WARN_UNDECLARED_SELECTOR = YES;
				GCC_WARN_UNINITIALIZED_AUTOS = YES;
				GCC_WARN_UNUSED_FUNCTION = YES;
				GCC_WARN_UNUSED_VARIABLE = YES;
				MACOSX_DEPLOYMENT_TARGET = 10.10;
				OTHER_CFLAGS = "-fobjc-arc-exceptions";
				SDKROOT = macosx;
				STRIP_INSTALLED_PRODUCT = NO;
				WARNING_CFLAGS = (
					"-Weverything",
					"-Wshadow",
					"-Wimplicit-retain-self",
					"-Wassign-enum",
					"-Wno-objc-missing-property-synthesis",
					"-Wno-objc-interface-ivars",
					"-Wno-readonly-setter-attrs",
					"-Wno-arc-repeated-use-of-weak",
					"-Wno-direct-ivar-access",
					"-Wno-pedantic",
					"-Wno-format-nonliteral",
					"-Wno-c++98-compat-pedantic",
					"-Wno-c++98-compat",
					"-Wno-unknown-warning-option",
					"-Wno-documentation-unknown-command",
					"-Wno-date-time",
					"-Wno-reserved-id-macro",
					"-Wno-documentation",
					"-Wno-nonnull",
					"-Wno-nullable-to-nonnull-conversion",
					"-Wno-auto-import",
					"-Wno-double-promotion",
				);
			};
			name = Release;
		};
		B9B19261177DED9F00FFE14D /* Debug */ = {
			isa = XCBuildConfiguration;
			baseConfigurationReference = B973D90F20767C4000FE566F /* TableEditLite.xcconfig */;
			buildSettings = {
				ASSETCATALOG_COMPILER_APPICON_NAME = AppIcon;
				CODE_SIGN_ENTITLEMENTS = TableEdit/TableEdit.entitlements;
				CODE_SIGN_IDENTITY = "Mac Developer";
				COMBINE_HIDPI_IMAGES = YES;
				FRAMEWORK_SEARCH_PATHS = (
					"$(inherited)",
					"$(PROJECT_DIR)/Frameworks",
					"$(LOCAL_LIBRARY_DIR)/Frameworks",
				);
				GCC_PRECOMPILE_PREFIX_HEADER = YES;
				GCC_PREFIX_HEADER = "TableEdit/TableEdit-Prefix.pch";
				GCC_PREPROCESSOR_DEFINITIONS = (
					"$(inherited)",
					"USE_SPARKLE=2",
					"PADDKE=1",
				);
				INFOPLIST_FILE = "TableEdit/TableEdit-Info.plist";
				LD_RUNPATH_SEARCH_PATHS = "@loader_path/../Frameworks";
				PRODUCT_BUNDLE_IDENTIFIER = "com.corecode.${PRODUCT_NAME:rfc1034identifier}";
				PRODUCT_NAME = "TableEdit-Lite";
				PROVISIONING_PROFILE = "";
				WRAPPER_EXTENSION = app;
			};
			name = Debug;
		};
		B9B19262177DED9F00FFE14D /* Release */ = {
			isa = XCBuildConfiguration;
			baseConfigurationReference = B973D90F20767C4000FE566F /* TableEditLite.xcconfig */;
			buildSettings = {
				ASSETCATALOG_COMPILER_APPICON_NAME = AppIcon;
				CODE_SIGN_ENTITLEMENTS = TableEdit/TableEdit.entitlements;
				CODE_SIGN_IDENTITY = "Mac Developer";
				COMBINE_HIDPI_IMAGES = YES;
				FRAMEWORK_SEARCH_PATHS = (
					"$(inherited)",
					"$(PROJECT_DIR)/Frameworks",
					"$(LOCAL_LIBRARY_DIR)/Frameworks",
				);
				GCC_PRECOMPILE_PREFIX_HEADER = YES;
				GCC_PREFIX_HEADER = "TableEdit/TableEdit-Prefix.pch";
				INFOPLIST_FILE = "TableEdit/TableEdit-Info.plist";
				LD_RUNPATH_SEARCH_PATHS = "@loader_path/../Frameworks";
				PRODUCT_BUNDLE_IDENTIFIER = "com.corecode.${PRODUCT_NAME:rfc1034identifier}";
				PRODUCT_NAME = "TableEdit-Lite";
				PROVISIONING_PROFILE = "";
				WRAPPER_EXTENSION = app;
			};
			name = Release;
		};
/* End XCBuildConfiguration section */

/* Begin XCConfigurationList section */
		B9B1923B177DED9F00FFE14D /* Build configuration list for PBXProject "TableEditLite" */ = {
			isa = XCConfigurationList;
			buildConfigurations = (
				B9B1925E177DED9F00FFE14D /* Debug */,
				B9B1925F177DED9F00FFE14D /* Release */,
			);
			defaultConfigurationIsVisible = 0;
			defaultConfigurationName = Release;
		};
		B9B19260177DED9F00FFE14D /* Build configuration list for PBXNativeTarget "TableEdit-Lite" */ = {
			isa = XCConfigurationList;
			buildConfigurations = (
				B9B19261177DED9F00FFE14D /* Debug */,
				B9B19262177DED9F00FFE14D /* Release */,
			);
			defaultConfigurationIsVisible = 0;
			defaultConfigurationName = Release;
		};
/* End XCConfigurationList section */
	};
	rootObject = B9B19238177DED9F00FFE14D /* Project object */;
}
