// !$*UTF8*$!
{
	archiveVersion = 1;
	classes = {
	};
	objectVersion = 46;
	objects = {

/* Begin PBXBuildFile section */
		66705D390CC42F7B004E7ED3 /* Carbon.framework in Frameworks */ = {isa = PBXBuildFile; fileRef = 66705D380CC42F7B004E7ED3 /* Carbon.framework */; };
		667229270CC5504A0008B9CC /* PTKeyCodes.plist in Resources */ = {isa = PBXBuildFile; fileRef = 6672290E0CC5504A0008B9CC /* PTKeyCodes.plist */; };
		667229280CC5504A0008B9CC /* PTKeyComboPanel.nib in Resources */ = {isa = PBXBuildFile; fileRef = 667229100CC5504A0008B9CC /* PTKeyComboPanel.nib */; };
		667229290CC5504A0008B9CC /* PTKeyboardIcon.tiff in Resources */ = {isa = PBXBuildFile; fileRef = 667229180CC5504A0008B9CC /* PTKeyboardIcon.tiff */; };
		6672292A0CC5504A0008B9CC /* PTHotKey.m in Sources */ = {isa = PBXBuildFile; fileRef = 6672291B0CC5504A0008B9CC /* PTHotKey.m */; };
		6672292B0CC5504A0008B9CC /* PTHotKeyCenter.m in Sources */ = {isa = PBXBuildFile; fileRef = 6672291D0CC5504A0008B9CC /* PTHotKeyCenter.m */; };
		6672292C0CC5504A0008B9CC /* PTKeyBroadcaster.m in Sources */ = {isa = PBXBuildFile; fileRef = 6672291F0CC5504A0008B9CC /* PTKeyBroadcaster.m */; };
		6672292D0CC5504A0008B9CC /* PTKeyCodeTranslator.m in Sources */ = {isa = PBXBuildFile; fileRef = 667229210CC5504A0008B9CC /* PTKeyCodeTranslator.m */; };
		6672292E0CC5504A0008B9CC /* PTKeyCombo.m in Sources */ = {isa = PBXBuildFile; fileRef = 667229230CC5504A0008B9CC /* PTKeyCombo.m */; };
		6672292F0CC5504A0008B9CC /* PTKeyComboPanel.m in Sources */ = {isa = PBXBuildFile; fileRef = 667229250CC5504A0008B9CC /* PTKeyComboPanel.m */; };
		66B8FE750CB1163F00CF92C7 /* MainMenu.nib in Resources */ = {isa = PBXBuildFile; fileRef = 66B8FE730CB1163F00CF92C7 /* MainMenu.nib */; };
		66F4C1A30CC7FED2008372CC /* OmniExpose.icns in Resources */ = {isa = PBXBuildFile; fileRef = 66F4C1A20CC7FED2008372CC /* OmniExpose.icns */; };
		8D11072F0486CEB800E47090 /* Cocoa.framework in Frameworks */ = {isa = PBXBuildFile; fileRef = 1058C7A1FEA54F0111CA2CBB /* Cocoa.framework */; };
		B971FDE31D311C9B004D8851 /* OmniExpose.m in Sources */ = {isa = PBXBuildFile; fileRef = B971FDE21D311C9B004D8851 /* OmniExpose.m */; };
/* End PBXBuildFile section */

/* Begin PBXFileReference section */
		1058C7A1FEA54F0111CA2CBB /* Cocoa.framework */ = {isa = PBXFileReference; lastKnownFileType = wrapper.framework; name = Cocoa.framework; path = /System/Library/Frameworks/Cocoa.framework; sourceTree = "<absolute>"; };
		29B97324FDCFA39411CA2CEA /* AppKit.framework */ = {isa = PBXFileReference; lastKnownFileType = wrapper.framework; name = AppKit.framework; path = /System/Library/Frameworks/AppKit.framework; sourceTree = "<absolute>"; };
		29B97325FDCFA39411CA2CEA /* Foundation.framework */ = {isa = PBXFileReference; lastKnownFileType = wrapper.framework; name = Foundation.framework; path = /System/Library/Frameworks/Foundation.framework; sourceTree = "<absolute>"; };
		663FFC220CB115DD00ADBB12 /* Info.plist */ = {isa = PBXFileReference; fileEncoding = 30; lastKnownFileType = text.plist.xml; name = Info.plist; path = Resources/Info.plist; sourceTree = "<group>"; };
		66705D380CC42F7B004E7ED3 /* Carbon.framework */ = {isa = PBXFileReference; lastKnownFileType = wrapper.framework; name = Carbon.framework; path = /System/Library/Frameworks/Carbon.framework; sourceTree = "<absolute>"; };
		6672290F0CC5504A0008B9CC /* English */ = {isa = PBXFileReference; fileEncoding = 30; lastKnownFileType = text.plist.xml; name = English; path = English.lproj/PTKeyCodes.plist; sourceTree = "<group>"; };
		667229110CC5504A0008B9CC /* English */ = {isa = PBXFileReference; lastKnownFileType = wrapper.nib; name = English; path = English.lproj/PTKeyComboPanel.nib; sourceTree = "<group>"; };
		667229120CC5504A0008B9CC /* French */ = {isa = PBXFileReference; fileEncoding = 30; lastKnownFileType = text.plist; name = French; path = French.lproj/PTKeyCodes.plist; sourceTree = "<group>"; };
		667229130CC5504A0008B9CC /* French */ = {isa = PBXFileReference; lastKnownFileType = wrapper.nib; name = French; path = French.lproj/PTKeyComboPanel.nib; sourceTree = "<group>"; };
		667229140CC5504A0008B9CC /* German */ = {isa = PBXFileReference; fileEncoding = 30; lastKnownFileType = text.plist; name = German; path = German.lproj/PTKeyCodes.plist; sourceTree = "<group>"; };
		667229150CC5504A0008B9CC /* German */ = {isa = PBXFileReference; lastKnownFileType = wrapper.nib; name = German; path = German.lproj/PTKeyComboPanel.nib; sourceTree = "<group>"; };
		667229160CC5504A0008B9CC /* Japanese */ = {isa = PBXFileReference; fileEncoding = 30; lastKnownFileType = text.plist; name = Japanese; path = Japanese.lproj/PTKeyCodes.plist; sourceTree = "<group>"; };
		667229170CC5504A0008B9CC /* Japanese */ = {isa = PBXFileReference; lastKnownFileType = wrapper.nib; name = Japanese; path = Japanese.lproj/PTKeyComboPanel.nib; sourceTree = "<group>"; };
		667229180CC5504A0008B9CC /* PTKeyboardIcon.tiff */ = {isa = PBXFileReference; lastKnownFileType = image.tiff; path = PTKeyboardIcon.tiff; sourceTree = "<group>"; };
		6672291A0CC5504A0008B9CC /* PTHotKey.h */ = {isa = PBXFileReference; fileEncoding = 30; lastKnownFileType = sourcecode.c.h; path = PTHotKey.h; sourceTree = "<group>"; };
		6672291B0CC5504A0008B9CC /* PTHotKey.m */ = {isa = PBXFileReference; fileEncoding = 30; lastKnownFileType = sourcecode.c.objc; path = PTHotKey.m; sourceTree = "<group>"; };
		6672291C0CC5504A0008B9CC /* PTHotKeyCenter.h */ = {isa = PBXFileReference; fileEncoding = 30; lastKnownFileType = sourcecode.c.h; path = PTHotKeyCenter.h; sourceTree = "<group>"; };
		6672291D0CC5504A0008B9CC /* PTHotKeyCenter.m */ = {isa = PBXFileReference; fileEncoding = 30; lastKnownFileType = sourcecode.c.objc; path = PTHotKeyCenter.m; sourceTree = "<group>"; };
		6672291E0CC5504A0008B9CC /* PTKeyBroadcaster.h */ = {isa = PBXFileReference; fileEncoding = 30; lastKnownFileType = sourcecode.c.h; path = PTKeyBroadcaster.h; sourceTree = "<group>"; };
		6672291F0CC5504A0008B9CC /* PTKeyBroadcaster.m */ = {isa = PBXFileReference; fileEncoding = 30; lastKnownFileType = sourcecode.c.objc; path = PTKeyBroadcaster.m; sourceTree = "<group>"; };
		667229200CC5504A0008B9CC /* PTKeyCodeTranslator.h */ = {isa = PBXFileReference; fileEncoding = 30; lastKnownFileType = sourcecode.c.h; path = PTKeyCodeTranslator.h; sourceTree = "<group>"; };
		667229210CC5504A0008B9CC /* PTKeyCodeTranslator.m */ = {isa = PBXFileReference; fileEncoding = 30; lastKnownFileType = sourcecode.c.objc; path = PTKeyCodeTranslator.m; sourceTree = "<group>"; };
		667229220CC5504A0008B9CC /* PTKeyCombo.h */ = {isa = PBXFileReference; fileEncoding = 30; lastKnownFileType = sourcecode.c.h; path = PTKeyCombo.h; sourceTree = "<group>"; };
		667229230CC5504A0008B9CC /* PTKeyCombo.m */ = {isa = PBXFileReference; fileEncoding = 30; lastKnownFileType = sourcecode.c.objc; path = PTKeyCombo.m; sourceTree = "<group>"; };
		667229240CC5504A0008B9CC /* PTKeyComboPanel.h */ = {isa = PBXFileReference; fileEncoding = 30; lastKnownFileType = sourcecode.c.h; path = PTKeyComboPanel.h; sourceTree = "<group>"; };
		667229250CC5504A0008B9CC /* PTKeyComboPanel.m */ = {isa = PBXFileReference; fileEncoding = 30; lastKnownFileType = sourcecode.c.objc; path = PTKeyComboPanel.m; sourceTree = "<group>"; };
		66B8FE740CB1163F00CF92C7 /* English */ = {isa = PBXFileReference; lastKnownFileType = wrapper.nib; name = English; path = Resources/English.lproj/MainMenu.nib; sourceTree = "<group>"; };
		66B8FF160CB1180900CF92C7 /* Read Me.rtf */ = {isa = PBXFileReference; lastKnownFileType = text.rtf; name = "Read Me.rtf"; path = "Resources/Read Me.rtf"; sourceTree = "<group>"; };
		66F4C1A20CC7FED2008372CC /* OmniExpose.icns */ = {isa = PBXFileReference; lastKnownFileType = image.icns; name = OmniExpose.icns; path = Resources/OmniExpose.icns; sourceTree = "<group>"; };
		8D1107320486CEB800E47090 /* OmniExpose.app */ = {isa = PBXFileReference; explicitFileType = wrapper.application; includeInIndex = 0; path = OmniExpose.app; sourceTree = BUILT_PRODUCTS_DIR; };
		B971FDE11D311C9B004D8851 /* OmniExpose.h */ = {isa = PBXFileReference; fileEncoding = 4; lastKnownFileType = sourcecode.c.h; path = OmniExpose.h; sourceTree = "<group>"; };
		B971FDE21D311C9B004D8851 /* OmniExpose.m */ = {isa = PBXFileReference; fileEncoding = 4; lastKnownFileType = sourcecode.c.objc; path = OmniExpose.m; sourceTree = "<group>"; };
/* End PBXFileReference section */

/* Begin PBXFrameworksBuildPhase section */
		8D11072E0486CEB800E47090 /* Frameworks */ = {
			isa = PBXFrameworksBuildPhase;
			buildActionMask = 2147483647;
			files = (
				8D11072F0486CEB800E47090 /* Cocoa.framework in Frameworks */,
				66705D390CC42F7B004E7ED3 /* Carbon.framework in Frameworks */,
			);
			runOnlyForDeploymentPostprocessing = 0;
		};
/* End PBXFrameworksBuildPhase section */

/* Begin PBXGroup section */
		1058C7A0FEA54F0111CA2CBB /* Linked Frameworks */ = {
			isa = PBXGroup;
			children = (
				66705D380CC42F7B004E7ED3 /* Carbon.framework */,
				1058C7A1FEA54F0111CA2CBB /* Cocoa.framework */,
			);
			name = "Linked Frameworks";
			sourceTree = "<group>";
		};
		1058C7A2FEA54F0111CA2CBB /* Other Frameworks */ = {
			isa = PBXGroup;
			children = (
				29B97324FDCFA39411CA2CEA /* AppKit.framework */,
				29B97325FDCFA39411CA2CEA /* Foundation.framework */,
			);
			name = "Other Frameworks";
			sourceTree = "<group>";
		};
		19C28FACFE9D520D11CA2CBB /* Products */ = {
			isa = PBXGroup;
			children = (
				8D1107320486CEB800E47090 /* OmniExpose.app */,
			);
			name = Products;
			sourceTree = "<group>";
		};
		29B97314FDCFA39411CA2CEA /* Leaker */ = {
			isa = PBXGroup;
			children = (
				B971FDE01D311C9B004D8851 /* OmniExpose */,
				6672290A0CC5504A0008B9CC /* Foreign Code */,
				29B97317FDCFA39411CA2CEA /* Resources */,
				29B97323FDCFA39411CA2CEA /* Frameworks */,
				19C28FACFE9D520D11CA2CBB /* Products */,
			);
			name = Leaker;
			sourceTree = "<group>";
		};
		29B97317FDCFA39411CA2CEA /* Resources */ = {
			isa = PBXGroup;
			children = (
				66B8FE730CB1163F00CF92C7 /* MainMenu.nib */,
				663FFC220CB115DD00ADBB12 /* Info.plist */,
				66F4C1A20CC7FED2008372CC /* OmniExpose.icns */,
				66B8FF160CB1180900CF92C7 /* Read Me.rtf */,
			);
			name = Resources;
			sourceTree = "<group>";
		};
		29B97323FDCFA39411CA2CEA /* Frameworks */ = {
			isa = PBXGroup;
			children = (
				1058C7A0FEA54F0111CA2CBB /* Linked Frameworks */,
				1058C7A2FEA54F0111CA2CBB /* Other Frameworks */,
			);
			name = Frameworks;
			sourceTree = "<group>";
		};
		6672290A0CC5504A0008B9CC /* Foreign Code */ = {
			isa = PBXGroup;
			children = (
				6672290B0CC5504A0008B9CC /* PTHotKeysLib */,
			);
			path = "Foreign Code";
			sourceTree = "<group>";
		};
		6672290B0CC5504A0008B9CC /* PTHotKeysLib */ = {
			isa = PBXGroup;
			children = (
				6672290D0CC5504A0008B9CC /* res */,
				667229190CC5504A0008B9CC /* src */,
			);
			path = PTHotKeysLib;
			sourceTree = "<group>";
		};
		6672290D0CC5504A0008B9CC /* res */ = {
			isa = PBXGroup;
			children = (
				6672290E0CC5504A0008B9CC /* PTKeyCodes.plist */,
				667229100CC5504A0008B9CC /* PTKeyComboPanel.nib */,
				667229180CC5504A0008B9CC /* PTKeyboardIcon.tiff */,
			);
			path = res;
			sourceTree = "<group>";
		};
		667229190CC5504A0008B9CC /* src */ = {
			isa = PBXGroup;
			children = (
				6672291A0CC5504A0008B9CC /* PTHotKey.h */,
				6672291B0CC5504A0008B9CC /* PTHotKey.m */,
				6672291C0CC5504A0008B9CC /* PTHotKeyCenter.h */,
				6672291D0CC5504A0008B9CC /* PTHotKeyCenter.m */,
				6672291E0CC5504A0008B9CC /* PTKeyBroadcaster.h */,
				6672291F0CC5504A0008B9CC /* PTKeyBroadcaster.m */,
				667229200CC5504A0008B9CC /* PTKeyCodeTranslator.h */,
				667229210CC5504A0008B9CC /* PTKeyCodeTranslator.m */,
				667229220CC5504A0008B9CC /* PTKeyCombo.h */,
				667229230CC5504A0008B9CC /* PTKeyCombo.m */,
				667229240CC5504A0008B9CC /* PTKeyComboPanel.h */,
				667229250CC5504A0008B9CC /* PTKeyComboPanel.m */,
			);
			path = src;
			sourceTree = "<group>";
		};
		B971FDE01D311C9B004D8851 /* OmniExpose */ = {
			isa = PBXGroup;
			children = (
				B971FDE11D311C9B004D8851 /* OmniExpose.h */,
				B971FDE21D311C9B004D8851 /* OmniExpose.m */,
			);
			path = OmniExpose;
			sourceTree = "<group>";
		};
/* End PBXGroup section */

/* Begin PBXNativeTarget section */
		8D1107260486CEB800E47090 /* OmniExpose */ = {
			isa = PBXNativeTarget;
			buildConfigurationList = C01FCF4A08A954540054247B /* Build configuration list for PBXNativeTarget "OmniExpose" */;
			buildPhases = (
				8D1107290486CEB800E47090 /* Resources */,
				8D11072C0486CEB800E47090 /* Sources */,
				8D11072E0486CEB800E47090 /* Frameworks */,
				6671AC990CBABC7D00FF0854 /* ShellScript */,
			);
			buildRules = (
			);
			dependencies = (
			);
			name = OmniExpose;
			productInstallPath = "$(HOME)/Applications";
			productName = Leaker;
			productReference = 8D1107320486CEB800E47090 /* OmniExpose.app */;
			productType = "com.apple.product-type.application";
		};
/* End PBXNativeTarget section */

/* Begin PBXProject section */
		29B97313FDCFA39411CA2CEA /* Project object */ = {
			isa = PBXProject;
			attributes = {
				LastUpgradeCheck = 0800;
			};
			buildConfigurationList = C01FCF4E08A954540054247B /* Build configuration list for PBXProject "OmniExpose" */;
			compatibilityVersion = "Xcode 3.2";
			developmentRegion = English;
			hasScannedForEncodings = 1;
			knownRegions = (
				en,
			);
			mainGroup = 29B97314FDCFA39411CA2CEA /* Leaker */;
			projectDirPath = "";
			projectRoot = "";
			targets = (
				8D1107260486CEB800E47090 /* OmniExpose */,
			);
		};
/* End PBXProject section */

/* Begin PBXResourcesBuildPhase section */
		8D1107290486CEB800E47090 /* Resources */ = {
			isa = PBXResourcesBuildPhase;
			buildActionMask = 2147483647;
			files = (
				66B8FE750CB1163F00CF92C7 /* MainMenu.nib in Resources */,
				667229270CC5504A0008B9CC /* PTKeyCodes.plist in Resources */,
				667229280CC5504A0008B9CC /* PTKeyComboPanel.nib in Resources */,
				667229290CC5504A0008B9CC /* PTKeyboardIcon.tiff in Resources */,
				66F4C1A30CC7FED2008372CC /* OmniExpose.icns in Resources */,
			);
			runOnlyForDeploymentPostprocessing = 0;
		};
/* End PBXResourcesBuildPhase section */

/* Begin PBXShellScriptBuildPhase section */
		6671AC990CBABC7D00FF0854 /* ShellScript */ = {
			isa = PBXShellScriptBuildPhase;
			buildActionMask = 8;
			files = (
			);
			inputPaths = (
			);
			outputPaths = (
			);
			runOnlyForDeploymentPostprocessing = 1;
			shellPath = /bin/sh;
			shellScript = "#setup directories\ncd $TARGET_BUILD_DIR\nmkdir $PRODUCT_NAME\n\n#copy stuff over\ncp -RL $SRCROOT/ \"$PRODUCT_NAME/$PRODUCT_NAME Source Code\"\ncp -R $PRODUCT_NAME.app $PRODUCT_NAME/\ncp -R \"$SRCROOT/Resources/Read Me.rtf\" $PRODUCT_NAME/\n\n#clean stuff\ncd \"$PRODUCT_NAME/$PRODUCT_NAME Source Code/\"\nrm -rf _*\ncd $TARGET_BUILD_DIR\nfind $PRODUCT_NAME/ -type f -name \\.DS_Store -exec rm -f {} ';'\nfind -d $PRODUCT_NAME/ -type d -name *~\\.nib -exec rm -rf {} ';'\nfind \"$PRODUCT_NAME/$PRODUCT_NAME Source Code/$PRODUCT_NAME.xcodeproj\" -type f -name *\\.mode1 -exec rm -f {} ';'\nfind \"$PRODUCT_NAME/$PRODUCT_NAME Source Code/$PRODUCT_NAME.xcodeproj\" -type f -name *\\.pbxuser -exec rm -f {} ';'\nfind \"$PRODUCT_NAME/$PRODUCT_NAME Source Code/$PRODUCT_NAME.xcodeproj\" -type f -name *\\.perspective -exec rm -f {} ';'\nchmod -R 755 $PRODUCT_NAME\n\n#compress stuff\nditto -ck $PRODUCT_NAME $PRODUCT_NAME.zip\n\n#cleanup\nrm -r $PRODUCT_NAME";
		};
/* End PBXShellScriptBuildPhase section */

/* Begin PBXSourcesBuildPhase section */
		8D11072C0486CEB800E47090 /* Sources */ = {
			isa = PBXSourcesBuildPhase;
			buildActionMask = 2147483647;
			files = (
				6672292A0CC5504A0008B9CC /* PTHotKey.m in Sources */,
				B971FDE31D311C9B004D8851 /* OmniExpose.m in Sources */,
				6672292B0CC5504A0008B9CC /* PTHotKeyCenter.m in Sources */,
				6672292C0CC5504A0008B9CC /* PTKeyBroadcaster.m in Sources */,
				6672292D0CC5504A0008B9CC /* PTKeyCodeTranslator.m in Sources */,
				6672292E0CC5504A0008B9CC /* PTKeyCombo.m in Sources */,
				6672292F0CC5504A0008B9CC /* PTKeyComboPanel.m in Sources */,
			);
			runOnlyForDeploymentPostprocessing = 0;
		};
/* End PBXSourcesBuildPhase section */

/* Begin PBXVariantGroup section */
		6672290E0CC5504A0008B9CC /* PTKeyCodes.plist */ = {
			isa = PBXVariantGroup;
			children = (
				6672290F0CC5504A0008B9CC /* English */,
				667229120CC5504A0008B9CC /* French */,
				667229140CC5504A0008B9CC /* German */,
				667229160CC5504A0008B9CC /* Japanese */,
			);
			name = PTKeyCodes.plist;
			sourceTree = "<group>";
		};
		667229100CC5504A0008B9CC /* PTKeyComboPanel.nib */ = {
			isa = PBXVariantGroup;
			children = (
				667229110CC5504A0008B9CC /* English */,
				667229130CC5504A0008B9CC /* French */,
				667229150CC5504A0008B9CC /* German */,
				667229170CC5504A0008B9CC /* Japanese */,
			);
			name = PTKeyComboPanel.nib;
			sourceTree = "<group>";
		};
		66B8FE730CB1163F00CF92C7 /* MainMenu.nib */ = {
			isa = PBXVariantGroup;
			children = (
				66B8FE740CB1163F00CF92C7 /* English */,
			);
			name = MainMenu.nib;
			sourceTree = "<group>";
		};
/* End PBXVariantGroup section */

/* Begin XCBuildConfiguration section */
		6671ACAC0CBABC8700FF0854 /* Release-Deployment */ = {
			isa = XCBuildConfiguration;
			buildSettings = {
				COMBINE_HIDPI_IMAGES = YES;
				PRODUCT_BUNDLE_IDENTIFIER = "org.corecode.${PRODUCT_NAME}";
			};
			name = "Release-Deployment";
		};
		6671ACAD0CBABC8700FF0854 /* Release-Deployment */ = {
			isa = XCBuildConfiguration;
			buildSettings = {
				ARCHS = "$(ARCHS_STANDARD_32_BIT)";
				CLANG_ANALYZER_LOCALIZABILITY_NONLOCALIZED = YES;
				CLANG_WARN_BOOL_CONVERSION = YES;
				CLANG_WARN_CONSTANT_CONVERSION = YES;
				CLANG_WARN_EMPTY_BODY = YES;
				CLANG_WARN_ENUM_CONVERSION = YES;
				CLANG_WARN_INT_CONVERSION = YES;
				CLANG_WARN_UNREACHABLE_CODE = YES;
				CLANG_WARN__DUPLICATE_METHOD_MATCH = YES;
				DEPLOYMENT_POSTPROCESSING = YES;
				ENABLE_STRICT_OBJC_MSGSEND = YES;
				GCC_DYNAMIC_NO_PIC = YES;
				GCC_NO_COMMON_BLOCKS = YES;
				GCC_WARN_64_TO_32_BIT_CONVERSION = YES;
				GCC_WARN_ABOUT_RETURN_TYPE = YES;
				GCC_WARN_UNDECLARED_SELECTOR = YES;
				GCC_WARN_UNINITIALIZED_AUTOS = YES;
				GCC_WARN_UNUSED_FUNCTION = YES;
				GCC_WARN_UNUSED_VARIABLE = YES;
				INFOPLIST_FILE = Resources/Info.plist;
				MACOSX_DEPLOYMENT_TARGET = 10.6;
				PREBINDING = NO;
				PRODUCT_NAME = OmniExpose;
				STRIP_INSTALLED_PRODUCT = NO;
				WARNING_CFLAGS = "-Wall";
			};
			name = "Release-Deployment";
		};
		C01FCF4B08A954540054247B /* Debug */ = {
			isa = XCBuildConfiguration;
			buildSettings = {
				COMBINE_HIDPI_IMAGES = YES;
				PRODUCT_BUNDLE_IDENTIFIER = "org.corecode.${PRODUCT_NAME}";
			};
			name = Debug;
		};
		C01FCF4C08A954540054247B /* Release */ = {
			isa = XCBuildConfiguration;
			buildSettings = {
				COMBINE_HIDPI_IMAGES = YES;
				PRODUCT_BUNDLE_IDENTIFIER = "org.corecode.${PRODUCT_NAME}";
			};
			name = Release;
		};
		C01FCF4F08A954540054247B /* Debug */ = {
			isa = XCBuildConfiguration;
			buildSettings = {
				ARCHS = "$(ARCHS_STANDARD_32_BIT)";
				CLANG_ANALYZER_LOCALIZABILITY_NONLOCALIZED = YES;
				CLANG_WARN_BOOL_CONVERSION = YES;
				CLANG_WARN_CONSTANT_CONVERSION = YES;
				CLANG_WARN_EMPTY_BODY = YES;
				CLANG_WARN_ENUM_CONVERSION = YES;
				CLANG_WARN_INT_CONVERSION = YES;
				CLANG_WARN_UNREACHABLE_CODE = YES;
				CLANG_WARN__DUPLICATE_METHOD_MATCH = YES;
				ENABLE_STRICT_OBJC_MSGSEND = YES;
				ENABLE_TESTABILITY = YES;
				GCC_NO_COMMON_BLOCKS = YES;
				GCC_OPTIMIZATION_LEVEL = 0;
				GCC_WARN_64_TO_32_BIT_CONVERSION = YES;
				GCC_WARN_ABOUT_RETURN_TYPE = YES;
				GCC_WARN_UNDECLARED_SELECTOR = YES;
				GCC_WARN_UNINITIALIZED_AUTOS = YES;
				GCC_WARN_UNUSED_FUNCTION = YES;
				GCC_WARN_UNUSED_VARIABLE = YES;
				INFOPLIST_FILE = Resources/Info.plist;
				MACOSX_DEPLOYMENT_TARGET = 10.6;
				ONLY_ACTIVE_ARCH = YES;
				PREBINDING = NO;
				PRODUCT_NAME = OmniExpose;
				STRIP_INSTALLED_PRODUCT = NO;
				WARNING_CFLAGS = "-Wall";
			};
			name = Debug;
		};
		C01FCF5008A954540054247B /* Release */ = {
			isa = XCBuildConfiguration;
			buildSettings = {
				ARCHS = "$(ARCHS_STANDARD_32_BIT)";
				CLANG_ANALYZER_LOCALIZABILITY_NONLOCALIZED = YES;
				CLANG_WARN_BOOL_CONVERSION = YES;
				CLANG_WARN_CONSTANT_CONVERSION = YES;
				CLANG_WARN_EMPTY_BODY = YES;
				CLANG_WARN_ENUM_CONVERSION = YES;
				CLANG_WARN_INT_CONVERSION = YES;
				CLANG_WARN_UNREACHABLE_CODE = YES;
				CLANG_WARN__DUPLICATE_METHOD_MATCH = YES;
				ENABLE_STRICT_OBJC_MSGSEND = YES;
				GCC_DYNAMIC_NO_PIC = YES;
				GCC_NO_COMMON_BLOCKS = YES;
				GCC_WARN_64_TO_32_BIT_CONVERSION = YES;
				GCC_WARN_ABOUT_RETURN_TYPE = YES;
				GCC_WARN_UNDECLARED_SELECTOR = YES;
				GCC_WARN_UNINITIALIZED_AUTOS = YES;
				GCC_WARN_UNUSED_FUNCTION = YES;
				GCC_WARN_UNUSED_VARIABLE = YES;
				INFOPLIST_FILE = Resources/Info.plist;
				MACOSX_DEPLOYMENT_TARGET = 10.6;
				PREBINDING = NO;
				PRODUCT_NAME = OmniExpose;
				STRIP_INSTALLED_PRODUCT = NO;
				WARNING_CFLAGS = "-Wall";
			};
			name = Release;
		};
/* End XCBuildConfiguration section */

/* Begin XCConfigurationList section */
		C01FCF4A08A954540054247B /* Build configuration list for PBXNativeTarget "OmniExpose" */ = {
			isa = XCConfigurationList;
			buildConfigurations = (
				C01FCF4B08A954540054247B /* Debug */,
				C01FCF4C08A954540054247B /* Release */,
				6671ACAC0CBABC8700FF0854 /* Release-Deployment */,
			);
			defaultConfigurationIsVisible = 0;
			defaultConfigurationName = Release;
		};
		C01FCF4E08A954540054247B /* Build configuration list for PBXProject "OmniExpose" */ = {
			isa = XCConfigurationList;
			buildConfigurations = (
				C01FCF4F08A954540054247B /* Debug */,
				C01FCF5008A954540054247B /* Release */,
				6671ACAD0CBABC8700FF0854 /* Release-Deployment */,
			);
			defaultConfigurationIsVisible = 0;
			defaultConfigurationName = Release;
		};
/* End XCConfigurationList section */
	};
	rootObject = 29B97313FDCFA39411CA2CEA /* Project object */;
}
