// !$*UTF8*$!
{
	archiveVersion = 1;
	classes = {
	};
	objectVersion = 45;
	objects = {

/* Begin PBXBuildFile section */
		8D15AC340486D014006FF6A4 /* Cocoa.framework in Frameworks */ = {isa = PBXBuildFile; fileRef = 1058C7A7FEA54F5311CA2CBB /* Cocoa.framework */; };
		B975C1FF0EAFD19B00932C34 /* OpenGL.framework in Frameworks */ = {isa = PBXBuildFile; fileRef = B975C1FE0EAFD19B00932C34 /* OpenGL.framework */; };
		B985D4650F5A10F700AB21D0 /* CocoaOpenGLView.mm in Sources */ = {isa = PBXBuildFile; fileRef = B985D45E0F5A10F700AB21D0 /* CocoaOpenGLView.mm */; };
		B985D4660F5A10F700AB21D0 /* FlowDocument.mm in Sources */ = {isa = PBXBuildFile; fileRef = B985D4600F5A10F700AB21D0 /* FlowDocument.mm */; };
		B985D4680F5A10F700AB21D0 /* TransferFunctionView.m in Sources */ = {isa = PBXBuildFile; fileRef = B985D4640F5A10F700AB21D0 /* TransferFunctionView.m */; };
		B985D46F0F5A110B00AB21D0 /* main.mm in Sources */ = {isa = PBXBuildFile; fileRef = B985D46C0F5A110B00AB21D0 /* main.mm */; };
		B985D4700F5A110B00AB21D0 /* NSData+Bzip2.m in Sources */ = {isa = PBXBuildFile; fileRef = B985D46E0F5A110B00AB21D0 /* NSData+Bzip2.m */; };
		B985D4880F5A111200AB21D0 /* arrow.png in Resources */ = {isa = PBXBuildFile; fileRef = B985D4720F5A111200AB21D0 /* arrow.png */; };
		B985D4890F5A111200AB21D0 /* arrows.frag in Resources */ = {isa = PBXBuildFile; fileRef = B985D4730F5A111200AB21D0 /* arrows.frag */; };
		B985D48A0F5A111200AB21D0 /* arrows.vert in Resources */ = {isa = PBXBuildFile; fileRef = B985D4740F5A111200AB21D0 /* arrows.vert */; };
		B985D48B0F5A111200AB21D0 /* block.dat.bz2 in Resources */ = {isa = PBXBuildFile; fileRef = B985D4750F5A111200AB21D0 /* block.dat.bz2 */; };
		B985D48C0F5A111200AB21D0 /* block.gri.bz2 in Resources */ = {isa = PBXBuildFile; fileRef = B985D4760F5A111200AB21D0 /* block.gri.bz2 */; };
		B985D48D0F5A111200AB21D0 /* color.frag in Resources */ = {isa = PBXBuildFile; fileRef = B985D4770F5A111200AB21D0 /* color.frag */; };
		B985D48E0F5A111200AB21D0 /* color.vert in Resources */ = {isa = PBXBuildFile; fileRef = B985D4780F5A111200AB21D0 /* color.vert */; };
		B985D48F0F5A111200AB21D0 /* Credits.rtf in Resources */ = {isa = PBXBuildFile; fileRef = B985D4790F5A111200AB21D0 /* Credits.rtf */; };
		B985D4900F5A111200AB21D0 /* FlowDocument.xib in Resources */ = {isa = PBXBuildFile; fileRef = B985D47B0F5A111200AB21D0 /* FlowDocument.xib */; };
		B985D4910F5A111200AB21D0 /* MainMenu.xib in Resources */ = {isa = PBXBuildFile; fileRef = B985D47D0F5A111200AB21D0 /* MainMenu.xib */; };
		B985D4920F5A111200AB21D0 /* FlowCore.icns in Resources */ = {isa = PBXBuildFile; fileRef = B985D47F0F5A111200AB21D0 /* FlowCore.icns */; };
		B985D4930F5A111200AB21D0 /* FlowCoreDocument.icns in Resources */ = {isa = PBXBuildFile; fileRef = B985D4800F5A111200AB21D0 /* FlowCoreDocument.icns */; };
		B985D4A30F5A113100AB21D0 /* BGHUDAppKit.framework in Frameworks */ = {isa = PBXBuildFile; fileRef = B985D4A20F5A113100AB21D0 /* BGHUDAppKit.framework */; };
		B985D4C10F5A113800AB21D0 /* BGHUDAppKit.framework in CopyFiles */ = {isa = PBXBuildFile; fileRef = B985D4A20F5A113100AB21D0 /* BGHUDAppKit.framework */; };
		B9CA93270F62068A0059E7D1 /* Carbon.framework in Frameworks */ = {isa = PBXBuildFile; fileRef = B9CA93260F62068A0059E7D1 /* Carbon.framework */; };
/* End PBXBuildFile section */

/* Begin PBXCopyFilesBuildPhase section */
		B940B57E0EA7D31E0026F05D /* CopyFiles */ = {
			isa = PBXCopyFilesBuildPhase;
			buildActionMask = 2147483647;
			dstPath = "";
			dstSubfolderSpec = 10;
			files = (
				B985D4C10F5A113800AB21D0 /* BGHUDAppKit.framework in CopyFiles */,
			);
			runOnlyForDeploymentPostprocessing = 0;
		};
/* End PBXCopyFilesBuildPhase section */

/* Begin PBXFileReference section */
		1058C7A7FEA54F5311CA2CBB /* Cocoa.framework */ = {isa = PBXFileReference; lastKnownFileType = wrapper.framework; name = Cocoa.framework; path = /System/Library/Frameworks/Cocoa.framework; sourceTree = "<absolute>"; };
		2A37F4C4FDCFA73011CA2CEA /* AppKit.framework */ = {isa = PBXFileReference; lastKnownFileType = wrapper.framework; name = AppKit.framework; path = /System/Library/Frameworks/AppKit.framework; sourceTree = "<absolute>"; };
		2A37F4C5FDCFA73011CA2CEA /* Foundation.framework */ = {isa = PBXFileReference; lastKnownFileType = wrapper.framework; name = Foundation.framework; path = /System/Library/Frameworks/Foundation.framework; sourceTree = "<absolute>"; };
		8D15AC370486D014006FF6A4 /* FlowCore.app */ = {isa = PBXFileReference; explicitFileType = wrapper.application; includeInIndex = 0; path = FlowCore.app; sourceTree = BUILT_PRODUCTS_DIR; };
		B93CE6150F61B17500E073A7 /* Read Me.rtf */ = {isa = PBXFileReference; lastKnownFileType = text.rtf; path = "Read Me.rtf"; sourceTree = "<group>"; };
		B975C1FE0EAFD19B00932C34 /* OpenGL.framework */ = {isa = PBXFileReference; lastKnownFileType = wrapper.framework; name = OpenGL.framework; path = /System/Library/Frameworks/OpenGL.framework; sourceTree = "<absolute>"; };
		B985D45D0F5A10F700AB21D0 /* CocoaOpenGLView.h */ = {isa = PBXFileReference; fileEncoding = 4; lastKnownFileType = sourcecode.c.h; path = CocoaOpenGLView.h; sourceTree = "<group>"; };
		B985D45E0F5A10F700AB21D0 /* CocoaOpenGLView.mm */ = {isa = PBXFileReference; fileEncoding = 4; lastKnownFileType = sourcecode.cpp.objcpp; path = CocoaOpenGLView.mm; sourceTree = "<group>"; };
		B985D45F0F5A10F700AB21D0 /* FlowDocument.h */ = {isa = PBXFileReference; fileEncoding = 4; lastKnownFileType = sourcecode.c.h; path = FlowDocument.h; sourceTree = "<group>"; };
		B985D4600F5A10F700AB21D0 /* FlowDocument.mm */ = {isa = PBXFileReference; fileEncoding = 4; lastKnownFileType = sourcecode.cpp.objcpp; path = FlowDocument.mm; sourceTree = "<group>"; };
		B985D4630F5A10F700AB21D0 /* TransferFunctionView.h */ = {isa = PBXFileReference; fileEncoding = 4; lastKnownFileType = sourcecode.c.h; path = TransferFunctionView.h; sourceTree = "<group>"; };
		B985D4640F5A10F700AB21D0 /* TransferFunctionView.m */ = {isa = PBXFileReference; fileEncoding = 4; lastKnownFileType = sourcecode.c.objc; path = TransferFunctionView.m; sourceTree = "<group>"; };
		B985D46A0F5A110B00AB21D0 /* FlowCore.h */ = {isa = PBXFileReference; fileEncoding = 4; lastKnownFileType = sourcecode.c.h; path = FlowCore.h; sourceTree = "<group>"; };
		B985D46B0F5A110B00AB21D0 /* FlowCore_Prefix.pch */ = {isa = PBXFileReference; fileEncoding = 4; lastKnownFileType = sourcecode.c.h; path = FlowCore_Prefix.pch; sourceTree = "<group>"; };
		B985D46C0F5A110B00AB21D0 /* main.mm */ = {isa = PBXFileReference; fileEncoding = 4; lastKnownFileType = sourcecode.cpp.objcpp; path = main.mm; sourceTree = "<group>"; };
		B985D46D0F5A110B00AB21D0 /* NSData+Bzip2.h */ = {isa = PBXFileReference; fileEncoding = 4; lastKnownFileType = sourcecode.c.h; path = "NSData+Bzip2.h"; sourceTree = "<group>"; };
		B985D46E0F5A110B00AB21D0 /* NSData+Bzip2.m */ = {isa = PBXFileReference; fileEncoding = 4; lastKnownFileType = sourcecode.c.objc; path = "NSData+Bzip2.m"; sourceTree = "<group>"; };
		B985D4720F5A111200AB21D0 /* arrow.png */ = {isa = PBXFileReference; lastKnownFileType = image.png; path = arrow.png; sourceTree = "<group>"; };
		B985D4730F5A111200AB21D0 /* arrows.frag */ = {isa = PBXFileReference; fileEncoding = 4; lastKnownFileType = text; path = arrows.frag; sourceTree = "<group>"; };
		B985D4740F5A111200AB21D0 /* arrows.vert */ = {isa = PBXFileReference; fileEncoding = 4; lastKnownFileType = text; path = arrows.vert; sourceTree = "<group>"; };
		B985D4750F5A111200AB21D0 /* block.dat.bz2 */ = {isa = PBXFileReference; lastKnownFileType = file; path = block.dat.bz2; sourceTree = "<group>"; };
		B985D4760F5A111200AB21D0 /* block.gri.bz2 */ = {isa = PBXFileReference; lastKnownFileType = file; path = block.gri.bz2; sourceTree = "<group>"; };
		B985D4770F5A111200AB21D0 /* color.frag */ = {isa = PBXFileReference; fileEncoding = 4; lastKnownFileType = text; path = color.frag; sourceTree = "<group>"; };
		B985D4780F5A111200AB21D0 /* color.vert */ = {isa = PBXFileReference; fileEncoding = 4; lastKnownFileType = text; path = color.vert; sourceTree = "<group>"; };
		B985D47A0F5A111200AB21D0 /* English */ = {isa = PBXFileReference; lastKnownFileType = text.rtf; name = English; path = English.lproj/Credits.rtf; sourceTree = "<group>"; };
		B985D47C0F5A111200AB21D0 /* English */ = {isa = PBXFileReference; lastKnownFileType = file.xib; name = English; path = English.lproj/FlowDocument.xib; sourceTree = "<group>"; };
		B985D47E0F5A111200AB21D0 /* English */ = {isa = PBXFileReference; lastKnownFileType = file.xib; name = English; path = English.lproj/MainMenu.xib; sourceTree = "<group>"; };
		B985D47F0F5A111200AB21D0 /* FlowCore.icns */ = {isa = PBXFileReference; lastKnownFileType = image.icns; path = FlowCore.icns; sourceTree = "<group>"; };
		B985D4800F5A111200AB21D0 /* FlowCoreDocument.icns */ = {isa = PBXFileReference; lastKnownFileType = image.icns; path = FlowCoreDocument.icns; sourceTree = "<group>"; };
		B985D4850F5A111200AB21D0 /* Info.plist */ = {isa = PBXFileReference; fileEncoding = 4; lastKnownFileType = text.plist.xml; path = Info.plist; sourceTree = "<group>"; };
		B985D4A20F5A113100AB21D0 /* BGHUDAppKit.framework */ = {isa = PBXFileReference; lastKnownFileType = wrapper.framework; name = BGHUDAppKit.framework; path = Frameworks/BGHUDAppKit.framework; sourceTree = "<group>"; };
		B9CA93260F62068A0059E7D1 /* Carbon.framework */ = {isa = PBXFileReference; lastKnownFileType = wrapper.framework; name = Carbon.framework; path = /System/Library/Frameworks/Carbon.framework; sourceTree = "<absolute>"; };
/* End PBXFileReference section */

/* Begin PBXFrameworksBuildPhase section */
		8D15AC330486D014006FF6A4 /* Frameworks */ = {
			isa = PBXFrameworksBuildPhase;
			buildActionMask = 2147483647;
			files = (
				8D15AC340486D014006FF6A4 /* Cocoa.framework in Frameworks */,
				B975C1FF0EAFD19B00932C34 /* OpenGL.framework in Frameworks */,
				B985D4A30F5A113100AB21D0 /* BGHUDAppKit.framework in Frameworks */,
				B9CA93270F62068A0059E7D1 /* Carbon.framework in Frameworks */,
			);
			runOnlyForDeploymentPostprocessing = 0;
		};
/* End PBXFrameworksBuildPhase section */

/* Begin PBXGroup section */
		1058C7A6FEA54F5311CA2CBB /* Linked Frameworks */ = {
			isa = PBXGroup;
			children = (
				1058C7A7FEA54F5311CA2CBB /* Cocoa.framework */,
			);
			name = "Linked Frameworks";
			sourceTree = "<group>";
		};
		1058C7A8FEA54F5311CA2CBB /* Other Frameworks */ = {
			isa = PBXGroup;
			children = (
				B9CA93260F62068A0059E7D1 /* Carbon.framework */,
				B985D4A20F5A113100AB21D0 /* BGHUDAppKit.framework */,
				B975C1FE0EAFD19B00932C34 /* OpenGL.framework */,
				2A37F4C4FDCFA73011CA2CEA /* AppKit.framework */,
				2A37F4C5FDCFA73011CA2CEA /* Foundation.framework */,
			);
			name = "Other Frameworks";
			sourceTree = "<group>";
		};
		19C28FB0FE9D524F11CA2CBB /* Products */ = {
			isa = PBXGroup;
			children = (
				8D15AC370486D014006FF6A4 /* FlowCore.app */,
			);
			name = Products;
			sourceTree = "<group>";
		};
		2A37F4AAFDCFA73011CA2CEA /* FlowCore */ = {
			isa = PBXGroup;
			children = (
				B985D45C0F5A10F700AB21D0 /* Classes */,
				B985D4690F5A110B00AB21D0 /* Other Sources */,
				B985D4710F5A111200AB21D0 /* Resources */,
				2A37F4C3FDCFA73011CA2CEA /* Frameworks */,
				19C28FB0FE9D524F11CA2CBB /* Products */,
			);
			name = FlowCore;
			sourceTree = "<group>";
		};
		2A37F4C3FDCFA73011CA2CEA /* Frameworks */ = {
			isa = PBXGroup;
			children = (
				1058C7A6FEA54F5311CA2CBB /* Linked Frameworks */,
				1058C7A8FEA54F5311CA2CBB /* Other Frameworks */,
			);
			name = Frameworks;
			sourceTree = "<group>";
		};
		B985D45C0F5A10F700AB21D0 /* Classes */ = {
			isa = PBXGroup;
			children = (
				B985D45D0F5A10F700AB21D0 /* CocoaOpenGLView.h */,
				B985D45E0F5A10F700AB21D0 /* CocoaOpenGLView.mm */,
				B985D45F0F5A10F700AB21D0 /* FlowDocument.h */,
				B985D4600F5A10F700AB21D0 /* FlowDocument.mm */,
				B985D4630F5A10F700AB21D0 /* TransferFunctionView.h */,
				B985D4640F5A10F700AB21D0 /* TransferFunctionView.m */,
			);
			path = Classes;
			sourceTree = "<group>";
		};
		B985D4690F5A110B00AB21D0 /* Other Sources */ = {
			isa = PBXGroup;
			children = (
				B985D46A0F5A110B00AB21D0 /* FlowCore.h */,
				B985D46B0F5A110B00AB21D0 /* FlowCore_Prefix.pch */,
				B985D46C0F5A110B00AB21D0 /* main.mm */,
				B985D46D0F5A110B00AB21D0 /* NSData+Bzip2.h */,
				B985D46E0F5A110B00AB21D0 /* NSData+Bzip2.m */,
			);
			path = "Other Sources";
			sourceTree = "<group>";
		};
		B985D4710F5A111200AB21D0 /* Resources */ = {
			isa = PBXGroup;
			children = (
				B93CE6150F61B17500E073A7 /* Read Me.rtf */,
				B985D4720F5A111200AB21D0 /* arrow.png */,
				B985D4730F5A111200AB21D0 /* arrows.frag */,
				B985D4740F5A111200AB21D0 /* arrows.vert */,
				B985D4750F5A111200AB21D0 /* block.dat.bz2 */,
				B985D4760F5A111200AB21D0 /* block.gri.bz2 */,
				B985D4770F5A111200AB21D0 /* color.frag */,
				B985D4780F5A111200AB21D0 /* color.vert */,
				B985D4790F5A111200AB21D0 /* Credits.rtf */,
				B985D47B0F5A111200AB21D0 /* FlowDocument.xib */,
				B985D47D0F5A111200AB21D0 /* MainMenu.xib */,
				B985D47F0F5A111200AB21D0 /* FlowCore.icns */,
				B985D4800F5A111200AB21D0 /* FlowCoreDocument.icns */,
				B985D4850F5A111200AB21D0 /* Info.plist */,
			);
			path = Resources;
			sourceTree = "<group>";
		};
/* End PBXGroup section */

/* Begin PBXNativeTarget section */
		8D15AC270486D014006FF6A4 /* FlowCore */ = {
			isa = PBXNativeTarget;
			buildConfigurationList = C05733C708A9546B00998B17 /* Build configuration list for PBXNativeTarget "FlowCore" */;
			buildPhases = (
				8D15AC2B0486D014006FF6A4 /* Resources */,
				8D15AC300486D014006FF6A4 /* Sources */,
				8D15AC330486D014006FF6A4 /* Frameworks */,
				B940B57E0EA7D31E0026F05D /* CopyFiles */,
				B985D4EF0F5A151200AB21D0 /* ShellScript */,
			);
			buildRules = (
			);
			dependencies = (
			);
			name = FlowCore;
			productInstallPath = "$(HOME)/Applications";
			productName = FlowCore;
			productReference = 8D15AC370486D014006FF6A4 /* FlowCore.app */;
			productType = "com.apple.product-type.application";
		};
/* End PBXNativeTarget section */

/* Begin PBXProject section */
		2A37F4A9FDCFA73011CA2CEA /* Project object */ = {
			isa = PBXProject;
			buildConfigurationList = C05733CB08A9546B00998B17 /* Build configuration list for PBXProject "FlowCore" */;
			compatibilityVersion = "Xcode 3.1";
			hasScannedForEncodings = 1;
			mainGroup = 2A37F4AAFDCFA73011CA2CEA /* FlowCore */;
			projectDirPath = "";
			projectRoot = "";
			targets = (
				8D15AC270486D014006FF6A4 /* FlowCore */,
			);
		};
/* End PBXProject section */

/* Begin PBXResourcesBuildPhase section */
		8D15AC2B0486D014006FF6A4 /* Resources */ = {
			isa = PBXResourcesBuildPhase;
			buildActionMask = 2147483647;
			files = (
				B985D4880F5A111200AB21D0 /* arrow.png in Resources */,
				B985D4890F5A111200AB21D0 /* arrows.frag in Resources */,
				B985D48A0F5A111200AB21D0 /* arrows.vert in Resources */,
				B985D48B0F5A111200AB21D0 /* block.dat.bz2 in Resources */,
				B985D48C0F5A111200AB21D0 /* block.gri.bz2 in Resources */,
				B985D48D0F5A111200AB21D0 /* color.frag in Resources */,
				B985D48E0F5A111200AB21D0 /* color.vert in Resources */,
				B985D48F0F5A111200AB21D0 /* Credits.rtf in Resources */,
				B985D4900F5A111200AB21D0 /* FlowDocument.xib in Resources */,
				B985D4910F5A111200AB21D0 /* MainMenu.xib in Resources */,
				B985D4920F5A111200AB21D0 /* FlowCore.icns in Resources */,
				B985D4930F5A111200AB21D0 /* FlowCoreDocument.icns in Resources */,
			);
			runOnlyForDeploymentPostprocessing = 0;
		};
/* End PBXResourcesBuildPhase section */

/* Begin PBXShellScriptBuildPhase section */
		B985D4EF0F5A151200AB21D0 /* ShellScript */ = {
			isa = PBXShellScriptBuildPhase;
			buildActionMask = 8;
			files = (
			);
			inputPaths = (
			);
			outputPaths = (
			);
			runOnlyForDeploymentPostprocessing = 1;
			shellPath = /bin/sh;
			shellScript = "#setup directories\ncd $TARGET_BUILD_DIR\nmkdir $PRODUCT_NAME\n\n#copy stuff over\ncp -RL $SRCROOT/ \"$PRODUCT_NAME/$PRODUCT_NAME Source Code\"\ncp -R $PRODUCT_NAME.app $PRODUCT_NAME/\ncp -R \"$SRCROOT/Resources/Read Me.rtf\" $PRODUCT_NAME/\n\n#clean stuff\ncd \"$PRODUCT_NAME/$PRODUCT_NAME Source Code/\"\nrm -rf _*\ncd $TARGET_BUILD_DIR\nfind $PRODUCT_NAME/ -type f -name \\.DS_Store -exec rm -f {} ';'\nfind -d $PRODUCT_NAME/ -type d -name *~\\.nib -exec rm -rf {} ';'\nfind \"$PRODUCT_NAME/$PRODUCT_NAME Source Code/$PRODUCT_NAME.xcodeproj\" -type f -name *\\.mode1 -exec rm -f {} ';'\nfind \"$PRODUCT_NAME/$PRODUCT_NAME Source Code/$PRODUCT_NAME.xcodeproj\" -type f -name *\\.pbxuser -exec rm -f {} ';'\nfind \"$PRODUCT_NAME/$PRODUCT_NAME Source Code/$PRODUCT_NAME.xcodeproj\" -type f -name *\\.perspective -exec rm -f {} ';'\nchmod -R 755 $PRODUCT_NAME\n\n#compress stuff\nditto -ck $PRODUCT_NAME $PRODUCT_NAME.zip\n\n#cleanup\nrm -r $PRODUCT_NAME";
		};
/* End PBXShellScriptBuildPhase section */

/* Begin PBXSourcesBuildPhase section */
		8D15AC300486D014006FF6A4 /* Sources */ = {
			isa = PBXSourcesBuildPhase;
			buildActionMask = 2147483647;
			files = (
				B985D4650F5A10F700AB21D0 /* CocoaOpenGLView.mm in Sources */,
				B985D4660F5A10F700AB21D0 /* FlowDocument.mm in Sources */,
				B985D4680F5A10F700AB21D0 /* TransferFunctionView.m in Sources */,
				B985D46F0F5A110B00AB21D0 /* main.mm in Sources */,
				B985D4700F5A110B00AB21D0 /* NSData+Bzip2.m in Sources */,
			);
			runOnlyForDeploymentPostprocessing = 0;
		};
/* End PBXSourcesBuildPhase section */

/* Begin PBXVariantGroup section */
		B985D4790F5A111200AB21D0 /* Credits.rtf */ = {
			isa = PBXVariantGroup;
			children = (
				B985D47A0F5A111200AB21D0 /* English */,
			);
			name = Credits.rtf;
			sourceTree = "<group>";
		};
		B985D47B0F5A111200AB21D0 /* FlowDocument.xib */ = {
			isa = PBXVariantGroup;
			children = (
				B985D47C0F5A111200AB21D0 /* English */,
			);
			name = FlowDocument.xib;
			sourceTree = "<group>";
		};
		B985D47D0F5A111200AB21D0 /* MainMenu.xib */ = {
			isa = PBXVariantGroup;
			children = (
				B985D47E0F5A111200AB21D0 /* English */,
			);
			name = MainMenu.xib;
			sourceTree = "<group>";
		};
/* End PBXVariantGroup section */

/* Begin XCBuildConfiguration section */
		B985D4EB0F5A14C000AB21D0 /* Release-Deployment */ = {
			isa = XCBuildConfiguration;
			buildSettings = {
				ARCHS = i386;
				DEPLOYMENT_POSTPROCESSING = YES;
				FRAMEWORK_SEARCH_PATHS = (
					"$(inherited)",
					"\"$(SRCROOT)/Frameworks/\"",
				);
				GCC_C_LANGUAGE_STANDARD = c99;
				GCC_DYNAMIC_NO_PIC = YES;
				GCC_PRECOMPILE_PREFIX_HEADER = YES;
				GCC_PREFIX_HEADER = "Other Sources/FlowCore_Prefix.pch";
				HEADER_SEARCH_PATHS = (
					"\"Foreign Code/cml/\"",
				);
				INFOPLIST_FILE = Resources/Info.plist;
				MACOSX_DEPLOYMENT_TARGET = 10.5;
				OTHER_LDFLAGS = "-lbz2";
				PREBINDING = NO;
				PRODUCT_NAME = FlowCore;
				SDKROOT = macosx10.5;
				STRIP_INSTALLED_PRODUCT = NO;
				WARNING_CFLAGS = "-Wall";
			};
			name = "Release-Deployment";
		};
		B985D4EC0F5A14C000AB21D0 /* Release-Deployment */ = {
			isa = XCBuildConfiguration;
			buildSettings = {
			};
			name = "Release-Deployment";
		};
		C05733C808A9546B00998B17 /* Debug */ = {
			isa = XCBuildConfiguration;
			buildSettings = {
			};
			name = Debug;
		};
		C05733C908A9546B00998B17 /* Release */ = {
			isa = XCBuildConfiguration;
			buildSettings = {
			};
			name = Release;
		};
		C05733CC08A9546B00998B17 /* Debug */ = {
			isa = XCBuildConfiguration;
			buildSettings = {
				ARCHS = i386;
				FRAMEWORK_SEARCH_PATHS = (
					"$(inherited)",
					"\"$(SRCROOT)/Frameworks/\"",
				);
				GCC_C_LANGUAGE_STANDARD = c99;
				GCC_OPTIMIZATION_LEVEL = 0;
				GCC_PRECOMPILE_PREFIX_HEADER = YES;
				GCC_PREFIX_HEADER = "Other Sources/FlowCore_Prefix.pch";
				HEADER_SEARCH_PATHS = (
					"\"Foreign Code/cml/\"",
				);
				INFOPLIST_FILE = Resources/Info.plist;
				MACOSX_DEPLOYMENT_TARGET = 10.5;
				OTHER_LDFLAGS = "-lbz2";
				PREBINDING = NO;
				PRODUCT_NAME = FlowCore;
				SDKROOT = macosx10.5;
				STRIP_INSTALLED_PRODUCT = NO;
				WARNING_CFLAGS = "-Wall";
			};
			name = Debug;
		};
		C05733CD08A9546B00998B17 /* Release */ = {
			isa = XCBuildConfiguration;
			buildSettings = {
				ARCHS = i386;
				FRAMEWORK_SEARCH_PATHS = (
					"$(inherited)",
					"\"$(SRCROOT)/Frameworks/\"",
				);
				GCC_C_LANGUAGE_STANDARD = c99;
				GCC_DYNAMIC_NO_PIC = YES;
				GCC_PRECOMPILE_PREFIX_HEADER = YES;
				GCC_PREFIX_HEADER = "Other Sources/FlowCore_Prefix.pch";
				HEADER_SEARCH_PATHS = (
					"\"Foreign Code/cml/\"",
				);
				INFOPLIST_FILE = Resources/Info.plist;
				MACOSX_DEPLOYMENT_TARGET = 10.5;
				OTHER_LDFLAGS = "-lbz2";
				PREBINDING = NO;
				PRODUCT_NAME = FlowCore;
				SDKROOT = macosx10.5;
				STRIP_INSTALLED_PRODUCT = NO;
				WARNING_CFLAGS = "-Wall";
			};
			name = Release;
		};
/* End XCBuildConfiguration section */

/* Begin XCConfigurationList section */
		C05733C708A9546B00998B17 /* Build configuration list for PBXNativeTarget "FlowCore" */ = {
			isa = XCConfigurationList;
			buildConfigurations = (
				C05733C808A9546B00998B17 /* Debug */,
				C05733C908A9546B00998B17 /* Release */,
				B985D4EC0F5A14C000AB21D0 /* Release-Deployment */,
			);
			defaultConfigurationIsVisible = 0;
			defaultConfigurationName = Release;
		};
		C05733CB08A9546B00998B17 /* Build configuration list for PBXProject "FlowCore" */ = {
			isa = XCConfigurationList;
			buildConfigurations = (
				C05733CC08A9546B00998B17 /* Debug */,
				C05733CD08A9546B00998B17 /* Release */,
				B985D4EB0F5A14C000AB21D0 /* Release-Deployment */,
			);
			defaultConfigurationIsVisible = 0;
			defaultConfigurationName = Release;
		};
/* End XCConfigurationList section */
	};
	rootObject = 2A37F4A9FDCFA73011CA2CEA /* Project object */;
}
